// !$*UTF8*$!
{
	archiveVersion = 1;
	classes = {
	};
	objectVersion = 46;
	objects = {

/* Begin PBXBuildFile section */
		B47FEAAA15D9E01B00191DB5 /* UIKit.framework in Frameworks */ = {isa = PBXBuildFile; fileRef = B47FEAA915D9E01B00191DB5 /* UIKit.framework */; };
		B47FEAAC15D9E01B00191DB5 /* Foundation.framework in Frameworks */ = {isa = PBXBuildFile; fileRef = B47FEAAB15D9E01B00191DB5 /* Foundation.framework */; };
		B47FEAAE15D9E01B00191DB5 /* CoreGraphics.framework in Frameworks */ = {isa = PBXBuildFile; fileRef = B47FEAAD15D9E01B00191DB5 /* CoreGraphics.framework */; };
		B47FEAB415D9E01B00191DB5 /* InfoPlist.strings in Resources */ = {isa = PBXBuildFile; fileRef = B47FEAB215D9E01B00191DB5 /* InfoPlist.strings */; };
		B47FEAB615D9E01B00191DB5 /* main.m in Sources */ = {isa = PBXBuildFile; fileRef = B47FEAB515D9E01B00191DB5 /* main.m */; };
		B47FEABA15D9E01B00191DB5 /* AppDelegate.m in Sources */ = {isa = PBXBuildFile; fileRef = B47FEAB915D9E01B00191DB5 /* AppDelegate.m */; };
		B47FEABD15D9E01B00191DB5 /* MainStoryboard_iPhone.storyboard in Resources */ = {isa = PBXBuildFile; fileRef = B47FEABB15D9E01B00191DB5 /* MainStoryboard_iPhone.storyboard */; };
		B47FEAC015D9E01B00191DB5 /* MainStoryboard_iPad.storyboard in Resources */ = {isa = PBXBuildFile; fileRef = B47FEABE15D9E01B00191DB5 /* MainStoryboard_iPad.storyboard */; };
		B47FEAC315D9E01B00191DB5 /* MasterViewController.m in Sources */ = {isa = PBXBuildFile; fileRef = B47FEAC215D9E01B00191DB5 /* MasterViewController.m */; };
		B47FEAC615D9E01B00191DB5 /* DetailViewController.m in Sources */ = {isa = PBXBuildFile; fileRef = B47FEAC515D9E01B00191DB5 /* DetailViewController.m */; };
		B47FEACE15D9E01B00191DB5 /* SenTestingKit.framework in Frameworks */ = {isa = PBXBuildFile; fileRef = B47FEACD15D9E01B00191DB5 /* SenTestingKit.framework */; };
		B47FEACF15D9E01B00191DB5 /* UIKit.framework in Frameworks */ = {isa = PBXBuildFile; fileRef = B47FEAA915D9E01B00191DB5 /* UIKit.framework */; };
		B47FEAD015D9E01B00191DB5 /* Foundation.framework in Frameworks */ = {isa = PBXBuildFile; fileRef = B47FEAAB15D9E01B00191DB5 /* Foundation.framework */; };
		B47FEAD815D9E01B00191DB5 /* InfoPlist.strings in Resources */ = {isa = PBXBuildFile; fileRef = B47FEAD615D9E01B00191DB5 /* InfoPlist.strings */; };
		B47FEADB15D9E01B00191DB5 /* Offline_WikipediaTests.m in Sources */ = {isa = PBXBuildFile; fileRef = B47FEADA15D9E01B00191DB5 /* Offline_WikipediaTests.m */; };
/* End PBXBuildFile section */

/* Begin PBXContainerItemProxy section */
		B47FEAD115D9E01B00191DB5 /* PBXContainerItemProxy */ = {
			isa = PBXContainerItemProxy;
			containerPortal = B47FEA9C15D9E01B00191DB5 /* Project object */;
			proxyType = 1;
			remoteGlobalIDString = B47FEAA415D9E01B00191DB5;
			remoteInfo = "Offline Wikipedia";
		};
/* End PBXContainerItemProxy section */

/* Begin PBXFileReference section */
		B47FEAA515D9E01B00191DB5 /* Offline Wikipedia.app */ = {isa = PBXFileReference; explicitFileType = wrapper.application; includeInIndex = 0; path = "Offline Wikipedia.app"; sourceTree = BUILT_PRODUCTS_DIR; };
		B47FEAA915D9E01B00191DB5 /* UIKit.framework */ = {isa = PBXFileReference; lastKnownFileType = wrapper.framework; name = UIKit.framework; path = System/Library/Frameworks/UIKit.framework; sourceTree = SDKROOT; };
		B47FEAAB15D9E01B00191DB5 /* Foundation.framework */ = {isa = PBXFileReference; lastKnownFileType = wrapper.framework; name = Foundation.framework; path = System/Library/Frameworks/Foundation.framework; sourceTree = SDKROOT; };
		B47FEAAD15D9E01B00191DB5 /* CoreGraphics.framework */ = {isa = PBXFileReference; lastKnownFileType = wrapper.framework; name = CoreGraphics.framework; path = System/Library/Frameworks/CoreGraphics.framework; sourceTree = SDKROOT; };
		B47FEAB115D9E01B00191DB5 /* Offline Wikipedia-Info.plist */ = {isa = PBXFileReference; lastKnownFileType = text.plist.xml; path = "Offline Wikipedia-Info.plist"; sourceTree = "<group>"; };
		B47FEAB315D9E01B00191DB5 /* en */ = {isa = PBXFileReference; lastKnownFileType = text.plist.strings; name = en; path = en.lproj/InfoPlist.strings; sourceTree = "<group>"; };
		B47FEAB515D9E01B00191DB5 /* main.m */ = {isa = PBXFileReference; lastKnownFileType = sourcecode.c.objc; path = main.m; sourceTree = "<group>"; };
		B47FEAB715D9E01B00191DB5 /* Offline Wikipedia-Prefix.pch */ = {isa = PBXFileReference; lastKnownFileType = sourcecode.c.h; path = "Offline Wikipedia-Prefix.pch"; sourceTree = "<group>"; };
		B47FEAB815D9E01B00191DB5 /* AppDelegate.h */ = {isa = PBXFileReference; lastKnownFileType = sourcecode.c.h; path = AppDelegate.h; sourceTree = "<group>"; };
		B47FEAB915D9E01B00191DB5 /* AppDelegate.m */ = {isa = PBXFileReference; lastKnownFileType = sourcecode.c.objc; path = AppDelegate.m; sourceTree = "<group>"; };
		B47FEABC15D9E01B00191DB5 /* en */ = {isa = PBXFileReference; lastKnownFileType = file.storyboard; name = en; path = en.lproj/MainStoryboard_iPhone.storyboard; sourceTree = "<group>"; };
		B47FEABF15D9E01B00191DB5 /* en */ = {isa = PBXFileReference; lastKnownFileType = file.storyboard; name = en; path = en.lproj/MainStoryboard_iPad.storyboard; sourceTree = "<group>"; };
		B47FEAC115D9E01B00191DB5 /* MasterViewController.h */ = {isa = PBXFileReference; lastKnownFileType = sourcecode.c.h; path = MasterViewController.h; sourceTree = "<group>"; };
		B47FEAC215D9E01B00191DB5 /* MasterViewController.m */ = {isa = PBXFileReference; lastKnownFileType = sourcecode.c.objc; path = MasterViewController.m; sourceTree = "<group>"; };
		B47FEAC415D9E01B00191DB5 /* DetailViewController.h */ = {isa = PBXFileReference; lastKnownFileType = sourcecode.c.h; path = DetailViewController.h; sourceTree = "<group>"; };
		B47FEAC515D9E01B00191DB5 /* DetailViewController.m */ = {isa = PBXFileReference; lastKnownFileType = sourcecode.c.objc; path = DetailViewController.m; sourceTree = "<group>"; };
		B47FEACC15D9E01B00191DB5 /* Offline WikipediaTests.octest */ = {isa = PBXFileReference; explicitFileType = wrapper.cfbundle; includeInIndex = 0; path = "Offline WikipediaTests.octest"; sourceTree = BUILT_PRODUCTS_DIR; };
		B47FEACD15D9E01B00191DB5 /* SenTestingKit.framework */ = {isa = PBXFileReference; lastKnownFileType = wrapper.framework; name = SenTestingKit.framework; path = Library/Frameworks/SenTestingKit.framework; sourceTree = DEVELOPER_DIR; };
		B47FEAD515D9E01B00191DB5 /* Offline WikipediaTests-Info.plist */ = {isa = PBXFileReference; lastKnownFileType = text.plist.xml; path = "Offline WikipediaTests-Info.plist"; sourceTree = "<group>"; };
		B47FEAD715D9E01B00191DB5 /* en */ = {isa = PBXFileReference; lastKnownFileType = text.plist.strings; name = en; path = en.lproj/InfoPlist.strings; sourceTree = "<group>"; };
		B47FEAD915D9E01B00191DB5 /* Offline_WikipediaTests.h */ = {isa = PBXFileReference; lastKnownFileType = sourcecode.c.h; path = Offline_WikipediaTests.h; sourceTree = "<group>"; };
		B47FEADA15D9E01B00191DB5 /* Offline_WikipediaTests.m */ = {isa = PBXFileReference; lastKnownFileType = sourcecode.c.objc; path = Offline_WikipediaTests.m; sourceTree = "<group>"; };
/* End PBXFileReference section */

/* Begin PBXFrameworksBuildPhase section */
		B47FEAA215D9E01B00191DB5 /* Frameworks */ = {
			isa = PBXFrameworksBuildPhase;
			buildActionMask = 2147483647;
			files = (
				B47FEAAA15D9E01B00191DB5 /* UIKit.framework in Frameworks */,
				B47FEAAC15D9E01B00191DB5 /* Foundation.framework in Frameworks */,
				B47FEAAE15D9E01B00191DB5 /* CoreGraphics.framework in Frameworks */,
			);
			runOnlyForDeploymentPostprocessing = 0;
		};
		B47FEAC815D9E01B00191DB5 /* Frameworks */ = {
			isa = PBXFrameworksBuildPhase;
			buildActionMask = 2147483647;
			files = (
				B47FEACE15D9E01B00191DB5 /* SenTestingKit.framework in Frameworks */,
				B47FEACF15D9E01B00191DB5 /* UIKit.framework in Frameworks */,
				B47FEAD015D9E01B00191DB5 /* Foundation.framework in Frameworks */,
			);
			runOnlyForDeploymentPostprocessing = 0;
		};
/* End PBXFrameworksBuildPhase section */

/* Begin PBXGroup section */
		B47FEA9A15D9E01B00191DB5 = {
			isa = PBXGroup;
			children = (
				B47FEAAF15D9E01B00191DB5 /* Offline Wikipedia */,
				B47FEAD315D9E01B00191DB5 /* Offline WikipediaTests */,
				B47FEAA815D9E01B00191DB5 /* Frameworks */,
				B47FEAA615D9E01B00191DB5 /* Products */,
			);
			sourceTree = "<group>";
		};
		B47FEAA615D9E01B00191DB5 /* Products */ = {
			isa = PBXGroup;
			children = (
				B47FEAA515D9E01B00191DB5 /* Offline Wikipedia.app */,
				B47FEACC15D9E01B00191DB5 /* Offline WikipediaTests.octest */,
			);
			name = Products;
			sourceTree = "<group>";
		};
		B47FEAA815D9E01B00191DB5 /* Frameworks */ = {
			isa = PBXGroup;
			children = (
				B47FEAA915D9E01B00191DB5 /* UIKit.framework */,
				B47FEAAB15D9E01B00191DB5 /* Foundation.framework */,
				B47FEAAD15D9E01B00191DB5 /* CoreGraphics.framework */,
				B47FEACD15D9E01B00191DB5 /* SenTestingKit.framework */,
			);
			name = Frameworks;
			sourceTree = "<group>";
		};
		B47FEAAF15D9E01B00191DB5 /* Offline Wikipedia */ = {
			isa = PBXGroup;
			children = (
				B47FEAB815D9E01B00191DB5 /* AppDelegate.h */,
				B47FEAB915D9E01B00191DB5 /* AppDelegate.m */,
				B47FEABB15D9E01B00191DB5 /* MainStoryboard_iPhone.storyboard */,
				B47FEABE15D9E01B00191DB5 /* MainStoryboard_iPad.storyboard */,
				B47FEAC115D9E01B00191DB5 /* MasterViewController.h */,
				B47FEAC215D9E01B00191DB5 /* MasterViewController.m */,
				B47FEAC415D9E01B00191DB5 /* DetailViewController.h */,
				B47FEAC515D9E01B00191DB5 /* DetailViewController.m */,
				B47FEAB015D9E01B00191DB5 /* Supporting Files */,
			);
			path = "Offline Wikipedia";
			sourceTree = "<group>";
		};
		B47FEAB015D9E01B00191DB5 /* Supporting Files */ = {
			isa = PBXGroup;
			children = (
				B47FEAB115D9E01B00191DB5 /* Offline Wikipedia-Info.plist */,
				B47FEAB215D9E01B00191DB5 /* InfoPlist.strings */,
				B47FEAB515D9E01B00191DB5 /* main.m */,
				B47FEAB715D9E01B00191DB5 /* Offline Wikipedia-Prefix.pch */,
			);
			name = "Supporting Files";
			sourceTree = "<group>";
		};
		B47FEAD315D9E01B00191DB5 /* Offline WikipediaTests */ = {
			isa = PBXGroup;
			children = (
				B47FEAD915D9E01B00191DB5 /* Offline_WikipediaTests.h */,
				B47FEADA15D9E01B00191DB5 /* Offline_WikipediaTests.m */,
				B47FEAD415D9E01B00191DB5 /* Supporting Files */,
			);
			path = "Offline WikipediaTests";
			sourceTree = "<group>";
		};
		B47FEAD415D9E01B00191DB5 /* Supporting Files */ = {
			isa = PBXGroup;
			children = (
				B47FEAD515D9E01B00191DB5 /* Offline WikipediaTests-Info.plist */,
				B47FEAD615D9E01B00191DB5 /* InfoPlist.strings */,
			);
			name = "Supporting Files";
			sourceTree = "<group>";
		};
/* End PBXGroup section */

/* Begin PBXNativeTarget section */
		B47FEAA415D9E01B00191DB5 /* Offline Wikipedia */ = {
			isa = PBXNativeTarget;
			buildConfigurationList = B47FEADE15D9E01B00191DB5 /* Build configuration list for PBXNativeTarget "Offline Wikipedia" */;
			buildPhases = (
				B47FEAA115D9E01B00191DB5 /* Sources */,
				B47FEAA215D9E01B00191DB5 /* Frameworks */,
				B47FEAA315D9E01B00191DB5 /* Resources */,
			);
			buildRules = (
			);
			dependencies = (
			);
			name = "Offline Wikipedia";
			productName = "Offline Wikipedia";
			productReference = B47FEAA515D9E01B00191DB5 /* Offline Wikipedia.app */;
			productType = "com.apple.product-type.application";
		};
		B47FEACB15D9E01B00191DB5 /* Offline WikipediaTests */ = {
			isa = PBXNativeTarget;
			buildConfigurationList = B47FEAE115D9E01B00191DB5 /* Build configuration list for PBXNativeTarget "Offline WikipediaTests" */;
			buildPhases = (
				B47FEAC715D9E01B00191DB5 /* Sources */,
				B47FEAC815D9E01B00191DB5 /* Frameworks */,
				B47FEAC915D9E01B00191DB5 /* Resources */,
				B47FEACA15D9E01B00191DB5 /* ShellScript */,
			);
			buildRules = (
			);
			dependencies = (
				B47FEAD215D9E01B00191DB5 /* PBXTargetDependency */,
			);
			name = "Offline WikipediaTests";
			productName = "Offline WikipediaTests";
			productReference = B47FEACC15D9E01B00191DB5 /* Offline WikipediaTests.octest */;
			productType = "com.apple.product-type.bundle";
		};
/* End PBXNativeTarget section */

/* Begin PBXProject section */
		B47FEA9C15D9E01B00191DB5 /* Project object */ = {
			isa = PBXProject;
			attributes = {
				LastUpgradeCheck = 0440;
				ORGANIZATIONNAME = "Reilly Watson";
			};
			buildConfigurationList = B47FEA9F15D9E01B00191DB5 /* Build configuration list for PBXProject "Offline Wikipedia" */;
			compatibilityVersion = "Xcode 3.2";
			developmentRegion = English;
			hasScannedForEncodings = 0;
			knownRegions = (
				en,
			);
			mainGroup = B47FEA9A15D9E01B00191DB5;
			productRefGroup = B47FEAA615D9E01B00191DB5 /* Products */;
			projectDirPath = "";
			projectRoot = "";
			targets = (
				B47FEAA415D9E01B00191DB5 /* Offline Wikipedia */,
				B47FEACB15D9E01B00191DB5 /* Offline WikipediaTests */,
			);
		};
/* End PBXProject section */

/* Begin PBXResourcesBuildPhase section */
		B47FEAA315D9E01B00191DB5 /* Resources */ = {
			isa = PBXResourcesBuildPhase;
			buildActionMask = 2147483647;
			files = (
				B47FEAB415D9E01B00191DB5 /* InfoPlist.strings in Resources */,
				B47FEABD15D9E01B00191DB5 /* MainStoryboard_iPhone.storyboard in Resources */,
				B47FEAC015D9E01B00191DB5 /* MainStoryboard_iPad.storyboard in Resources */,
			);
			runOnlyForDeploymentPostprocessing = 0;
		};
		B47FEAC915D9E01B00191DB5 /* Resources */ = {
			isa = PBXResourcesBuildPhase;
			buildActionMask = 2147483647;
			files = (
				B47FEAD815D9E01B00191DB5 /* InfoPlist.strings in Resources */,
			);
			runOnlyForDeploymentPostprocessing = 0;
		};
/* End PBXResourcesBuildPhase section */

/* Begin PBXShellScriptBuildPhase section */
		B47FEACA15D9E01B00191DB5 /* ShellScript */ = {
			isa = PBXShellScriptBuildPhase;
			buildActionMask = 2147483647;
			files = (
			);
			inputPaths = (
			);
			outputPaths = (
			);
			runOnlyForDeploymentPostprocessing = 0;
			shellPath = /bin/sh;
			shellScript = "# Run the unit tests in this test bundle.\n\"${SYSTEM_DEVELOPER_DIR}/Tools/RunUnitTests\"\n";
		};
/* End PBXShellScriptBuildPhase section */

/* Begin PBXSourcesBuildPhase section */
		B47FEAA115D9E01B00191DB5 /* Sources */ = {
			isa = PBXSourcesBuildPhase;
			buildActionMask = 2147483647;
			files = (
				B47FEAB615D9E01B00191DB5 /* main.m in Sources */,
				B47FEABA15D9E01B00191DB5 /* AppDelegate.m in Sources */,
				B47FEAC315D9E01B00191DB5 /* MasterViewController.m in Sources */,
				B47FEAC615D9E01B00191DB5 /* DetailViewController.m in Sources */,
			);
			runOnlyForDeploymentPostprocessing = 0;
		};
		B47FEAC715D9E01B00191DB5 /* Sources */ = {
			isa = PBXSourcesBuildPhase;
			buildActionMask = 2147483647;
			files = (
				B47FEADB15D9E01B00191DB5 /* Offline_WikipediaTests.m in Sources */,
			);
			runOnlyForDeploymentPostprocessing = 0;
		};
/* End PBXSourcesBuildPhase section */

/* Begin PBXTargetDependency section */
		B47FEAD215D9E01B00191DB5 /* PBXTargetDependency */ = {
			isa = PBXTargetDependency;
			target = B47FEAA415D9E01B00191DB5 /* Offline Wikipedia */;
			targetProxy = B47FEAD115D9E01B00191DB5 /* PBXContainerItemProxy */;
		};
/* End PBXTargetDependency section */

/* Begin PBXVariantGroup section */
		B47FEAB215D9E01B00191DB5 /* InfoPlist.strings */ = {
			isa = PBXVariantGroup;
			children = (
				B47FEAB315D9E01B00191DB5 /* en */,
			);
			name = InfoPlist.strings;
			sourceTree = "<group>";
		};
		B47FEABB15D9E01B00191DB5 /* MainStoryboard_iPhone.storyboard */ = {
			isa = PBXVariantGroup;
			children = (
				B47FEABC15D9E01B00191DB5 /* en */,
			);
			name = MainStoryboard_iPhone.storyboard;
			sourceTree = "<group>";
		};
		B47FEABE15D9E01B00191DB5 /* MainStoryboard_iPad.storyboard */ = {
			isa = PBXVariantGroup;
			children = (
				B47FEABF15D9E01B00191DB5 /* en */,
			);
			name = MainStoryboard_iPad.storyboard;
			sourceTree = "<group>";
		};
		B47FEAD615D9E01B00191DB5 /* InfoPlist.strings */ = {
			isa = PBXVariantGroup;
			children = (
				B47FEAD715D9E01B00191DB5 /* en */,
			);
			name = InfoPlist.strings;
			sourceTree = "<group>";
		};
/* End PBXVariantGroup section */

/* Begin XCBuildConfiguration section */
		B47FEADC15D9E01B00191DB5 /* Debug */ = {
			isa = XCBuildConfiguration;
			buildSettings = {
				ALWAYS_SEARCH_USER_PATHS = NO;
				ARCHS = "$(ARCHS_STANDARD_32_BIT)";
				CLANG_CXX_LANGUAGE_STANDARD = "gnu++0x";
				CLANG_ENABLE_OBJC_ARC = YES;
				CLANG_WARN__DUPLICATE_METHOD_MATCH = YES;
				"CODE_SIGN_IDENTITY[sdk=iphoneos*]" = "iPhone Developer";
				COPY_PHASE_STRIP = NO;
				GCC_C_LANGUAGE_STANDARD = gnu99;
				GCC_DYNAMIC_NO_PIC = NO;
				GCC_OPTIMIZATION_LEVEL = 0;
				GCC_PREPROCESSOR_DEFINITIONS = (
					"DEBUG=1",
					"$(inherited)",
				);
				GCC_SYMBOLS_PRIVATE_EXTERN = NO;
				GCC_VERSION = com.apple.compilers.llvm.clang.1_0;
				GCC_WARN_ABOUT_RETURN_TYPE = YES;
				GCC_WARN_UNINITIALIZED_AUTOS = YES;
				GCC_WARN_UNUSED_VARIABLE = YES;
				IPHONEOS_DEPLOYMENT_TARGET = 5.1;
				SDKROOT = iphoneos;
				TARGETED_DEVICE_FAMILY = "1,2";
			};
			name = Debug;
		};
		B47FEADD15D9E01B00191DB5 /* Release */ = {
			isa = XCBuildConfiguration;
			buildSettings = {
				ALWAYS_SEARCH_USER_PATHS = NO;
				ARCHS = "$(ARCHS_STANDARD_32_BIT)";
				CLANG_CXX_LANGUAGE_STANDARD = "gnu++0x";
				CLANG_ENABLE_OBJC_ARC = YES;
				CLANG_WARN__DUPLICATE_METHOD_MATCH = YES;
				"CODE_SIGN_IDENTITY[sdk=iphoneos*]" = "iPhone Developer";
				COPY_PHASE_STRIP = YES;
				GCC_C_LANGUAGE_STANDARD = gnu99;
				GCC_VERSION = com.apple.compilers.llvm.clang.1_0;
				GCC_WARN_ABOUT_RETURN_TYPE = YES;
				GCC_WARN_UNINITIALIZED_AUTOS = YES;
				GCC_WARN_UNUSED_VARIABLE = YES;
				IPHONEOS_DEPLOYMENT_TARGET = 5.1;
				OTHER_CFLAGS = "-DNS_BLOCK_ASSERTIONS=1";
				SDKROOT = iphoneos;
				TARGETED_DEVICE_FAMILY = "1,2";
				VALIDATE_PRODUCT = YES;
			};
			name = Release;
		};
		B47FEADF15D9E01B00191DB5 /* Debug */ = {
			isa = XCBuildConfiguration;
			buildSettings = {
				GCC_PRECOMPILE_PREFIX_HEADER = YES;
				GCC_PREFIX_HEADER = "Offline Wikipedia/Offline Wikipedia-Prefix.pch";
				INFOPLIST_FILE = "Offline Wikipedia/Offline Wikipedia-Info.plist";
				PRODUCT_NAME = "$(TARGET_NAME)";
				WRAPPER_EXTENSION = app;
			};
			name = Debug;
		};
		B47FEAE015D9E01B00191DB5 /* Release */ = {
			isa = XCBuildConfiguration;
			buildSettings = {
				GCC_PRECOMPILE_PREFIX_HEADER = YES;
				GCC_PREFIX_HEADER = "Offline Wikipedia/Offline Wikipedia-Prefix.pch";
				INFOPLIST_FILE = "Offline Wikipedia/Offline Wikipedia-Info.plist";
				PRODUCT_NAME = "$(TARGET_NAME)";
				WRAPPER_EXTENSION = app;
			};
			name = Release;
		};
		B47FEAE215D9E01B00191DB5 /* Debug */ = {
			isa = XCBuildConfiguration;
			buildSettings = {
				BUNDLE_LOADER = "$(BUILT_PRODUCTS_DIR)/Offline Wikipedia.app/Offline Wikipedia";
				FRAMEWORK_SEARCH_PATHS = (
					"\"$(SDKROOT)/Developer/Library/Frameworks\"",
					"\"$(DEVELOPER_LIBRARY_DIR)/Frameworks\"",
				);
				GCC_PRECOMPILE_PREFIX_HEADER = YES;
				GCC_PREFIX_HEADER = "Offline Wikipedia/Offline Wikipedia-Prefix.pch";
				INFOPLIST_FILE = "Offline WikipediaTests/Offline WikipediaTests-Info.plist";
				PRODUCT_NAME = "$(TARGET_NAME)";
				TEST_HOST = "$(BUNDLE_LOADER)";
				WRAPPER_EXTENSION = octest;
			};
			name = Debug;
		};
		B47FEAE315D9E01B00191DB5 /* Release */ = {
			isa = XCBuildConfiguration;
			buildSettings = {
				BUNDLE_LOADER = "$(BUILT_PRODUCTS_DIR)/Offline Wikipedia.app/Offline Wikipedia";
				FRAMEWORK_SEARCH_PATHS = (
					"\"$(SDKROOT)/Developer/Library/Frameworks\"",
					"\"$(DEVELOPER_LIBRARY_DIR)/Frameworks\"",
				);
				GCC_PRECOMPILE_PREFIX_HEADER = YES;
				GCC_PREFIX_HEADER = "Offline Wikipedia/Offline Wikipedia-Prefix.pch";
				INFOPLIST_FILE = "Offline WikipediaTests/Offline WikipediaTests-Info.plist";
				PRODUCT_NAME = "$(TARGET_NAME)";
				TEST_HOST = "$(BUNDLE_LOADER)";
				WRAPPER_EXTENSION = octest;
			};
			name = Release;
		};
/* End XCBuildConfiguration section */

/* Begin XCConfigurationList section */
		B47FEA9F15D9E01B00191DB5 /* Build configuration list for PBXProject "Offline Wikipedia" */ = {
			isa = XCConfigurationList;
			buildConfigurations = (
				B47FEADC15D9E01B00191DB5 /* Debug */,
				B47FEADD15D9E01B00191DB5 /* Release */,
			);
			defaultConfigurationIsVisible = 0;
			defaultConfigurationName = Release;
		};
		B47FEADE15D9E01B00191DB5 /* Build configuration list for PBXNativeTarget "Offline Wikipedia" */ = {
			isa = XCConfigurationList;
			buildConfigurations = (
				B47FEADF15D9E01B00191DB5 /* Debug */,
				B47FEAE015D9E01B00191DB5 /* Release */,
			);
			defaultConfigurationIsVisible = 0;
		};
		B47FEAE115D9E01B00191DB5 /* Build configuration list for PBXNativeTarget "Offline WikipediaTests" */ = {
			isa = XCConfigurationList;
			buildConfigurations = (
				B47FEAE215D9E01B00191DB5 /* Debug */,
				B47FEAE315D9E01B00191DB5 /* Release */,
			);
			defaultConfigurationIsVisible = 0;
		};
/* End XCConfigurationList section */
	};
	rootObject = B47FEA9C15D9E01B00191DB5 /* Project object */;
}
