// !$*UTF8*$!
{
	archiveVersion = 1;
	classes = {
	};
	objectVersion = 45;
	objects = {

/* Begin PBXBuildFile section */
		1D3623260D0F684500981E51 /* QuotesTriviaAppDelegate.m in Sources */ = {isa = PBXBuildFile; fileRef = 1D3623250D0F684500981E51 /* QuotesTriviaAppDelegate.m */; };
		1D60589B0D05DD56006BFB54 /* main.m in Sources */ = {isa = PBXBuildFile; fileRef = 29B97316FDCFA39411CA2CEA /* main.m */; };
		1D60589F0D05DD5A006BFB54 /* Foundation.framework in Frameworks */ = {isa = PBXBuildFile; fileRef = 1D30AB110D05D00D00671497 /* Foundation.framework */; };
		1DF5F4E00D08C38300B7A737 /* UIKit.framework in Frameworks */ = {isa = PBXBuildFile; fileRef = 1DF5F4DF0D08C38300B7A737 /* UIKit.framework */; };
		288765A50DF7441C002DB57D /* CoreGraphics.framework in Frameworks */ = {isa = PBXBuildFile; fileRef = 288765A40DF7441C002DB57D /* CoreGraphics.framework */; };
		2899E5220DE3E06400AC0155 /* QuotesTriviaViewController.xib in Resources */ = {isa = PBXBuildFile; fileRef = 2899E5210DE3E06400AC0155 /* QuotesTriviaViewController.xib */; };
		28AD733F0D9D9553002E5188 /* MainWindow.xib in Resources */ = {isa = PBXBuildFile; fileRef = 28AD733E0D9D9553002E5188 /* MainWindow.xib */; };
		28D7ACF80DDB3853001CB0EB /* QuotesTriviaViewController.m in Sources */ = {isa = PBXBuildFile; fileRef = 28D7ACF70DDB3853001CB0EB /* QuotesTriviaViewController.m */; };
		B435034611B4C31C00C4B107 /* QuestionStore.m in Sources */ = {isa = PBXBuildFile; fileRef = B435034511B4C31C00C4B107 /* QuestionStore.m */; };
		B435035611B4C45600C4B107 /* EpisodeStore.m in Sources */ = {isa = PBXBuildFile; fileRef = B435035511B4C45600C4B107 /* EpisodeStore.m */; };
		B435038311B4DF4E00C4B107 /* Quote.m in Sources */ = {isa = PBXBuildFile; fileRef = B435038211B4DF4E00C4B107 /* Quote.m */; };
		B43503A911B4E11500C4B107 /* Question.m in Sources */ = {isa = PBXBuildFile; fileRef = B43503A811B4E11500C4B107 /* Question.m */; };
		B43503B611B4E67D00C4B107 /* QuestionManager.m in Sources */ = {isa = PBXBuildFile; fileRef = B43503B511B4E67D00C4B107 /* QuestionManager.m */; };
		B43503DD11B4E92800C4B107 /* quotes.txt in Resources */ = {isa = PBXBuildFile; fileRef = B43503DB11B4E92800C4B107 /* quotes.txt */; };
		B43503DE11B4E92800C4B107 /* trivia.txt in Resources */ = {isa = PBXBuildFile; fileRef = B43503DC11B4E92800C4B107 /* trivia.txt */; };
		B4440B6D11B62545000F15C2 /* SpeakerStore.m in Sources */ = {isa = PBXBuildFile; fileRef = B4440B6C11B62545000F15C2 /* SpeakerStore.m */; };
		B4440CB111B642C1000F15C2 /* progress0.png in Resources */ = {isa = PBXBuildFile; fileRef = B4440CA711B642C1000F15C2 /* progress0.png */; };
		B4440CB211B642C1000F15C2 /* progress1.png in Resources */ = {isa = PBXBuildFile; fileRef = B4440CA811B642C1000F15C2 /* progress1.png */; };
		B4440CB311B642C1000F15C2 /* progress2.png in Resources */ = {isa = PBXBuildFile; fileRef = B4440CA911B642C1000F15C2 /* progress2.png */; };
		B4440CB411B642C1000F15C2 /* progress3.png in Resources */ = {isa = PBXBuildFile; fileRef = B4440CAA11B642C1000F15C2 /* progress3.png */; };
		B4440CB511B642C1000F15C2 /* progress4.png in Resources */ = {isa = PBXBuildFile; fileRef = B4440CAB11B642C1000F15C2 /* progress4.png */; };
		B4440CB611B642C1000F15C2 /* progress5.png in Resources */ = {isa = PBXBuildFile; fileRef = B4440CAC11B642C1000F15C2 /* progress5.png */; };
		B4440CB711B642C1000F15C2 /* progress6.png in Resources */ = {isa = PBXBuildFile; fileRef = B4440CAD11B642C1000F15C2 /* progress6.png */; };
		B4440CB811B642C1000F15C2 /* progress7.png in Resources */ = {isa = PBXBuildFile; fileRef = B4440CAE11B642C1000F15C2 /* progress7.png */; };
		B4440CB911B642C1000F15C2 /* progress8.png in Resources */ = {isa = PBXBuildFile; fileRef = B4440CAF11B642C1000F15C2 /* progress8.png */; };
		B4440CBA11B642C1000F15C2 /* progress9.png in Resources */ = {isa = PBXBuildFile; fileRef = B4440CB011B642C1000F15C2 /* progress9.png */; };
		B47BCCDB11B896E100208B63 /* NSString-Encoding.m in Sources */ = {isa = PBXBuildFile; fileRef = B47BCCDA11B896E100208B63 /* NSString-Encoding.m */; };
		B47BCD2F11B8D08600208B63 /* libAdMob.a in Frameworks */ = {isa = PBXBuildFile; fileRef = B47BCD1711B8D08600208B63 /* libAdMob.a */; };
		B47BCD3011B8D08600208B63 /* CDataScanner.m in Sources */ = {isa = PBXBuildFile; fileRef = B47BCD1A11B8D08600208B63 /* CDataScanner.m */; };
		B47BCD3111B8D08600208B63 /* CDataScanner_Extensions.m in Sources */ = {isa = PBXBuildFile; fileRef = B47BCD1D11B8D08600208B63 /* CDataScanner_Extensions.m */; };
		B47BCD3211B8D08600208B63 /* NSCharacterSet_Extensions.m in Sources */ = {isa = PBXBuildFile; fileRef = B47BCD1F11B8D08600208B63 /* NSCharacterSet_Extensions.m */; };
		B47BCD3311B8D08600208B63 /* NSDictionary_JSONExtensions.m in Sources */ = {isa = PBXBuildFile; fileRef = B47BCD2111B8D08600208B63 /* NSDictionary_JSONExtensions.m */; };
		B47BCD3411B8D08600208B63 /* NSScanner_Extensions.m in Sources */ = {isa = PBXBuildFile; fileRef = B47BCD2311B8D08600208B63 /* NSScanner_Extensions.m */; };
		B47BCD3511B8D08600208B63 /* CJSONDataSerializer.m in Sources */ = {isa = PBXBuildFile; fileRef = B47BCD2611B8D08600208B63 /* CJSONDataSerializer.m */; };
		B47BCD3611B8D08600208B63 /* CJSONDeserializer.m in Sources */ = {isa = PBXBuildFile; fileRef = B47BCD2811B8D08600208B63 /* CJSONDeserializer.m */; };
		B47BCD3711B8D08600208B63 /* CJSONScanner.m in Sources */ = {isa = PBXBuildFile; fileRef = B47BCD2A11B8D08600208B63 /* CJSONScanner.m */; };
		B47BCD3811B8D08600208B63 /* CJSONSerializer.m in Sources */ = {isa = PBXBuildFile; fileRef = B47BCD2C11B8D08600208B63 /* CJSONSerializer.m */; };
		B47BCD3911B8D08600208B63 /* CSerializedJSONData.m in Sources */ = {isa = PBXBuildFile; fileRef = B47BCD2E11B8D08600208B63 /* CSerializedJSONData.m */; };
		B47BCD3D11B8D0A900208B63 /* AudioToolbox.framework in Frameworks */ = {isa = PBXBuildFile; fileRef = B47BCD3C11B8D0A900208B63 /* AudioToolbox.framework */; };
		B47BCD3F11B8D0A900208B63 /* MediaPlayer.framework in Frameworks */ = {isa = PBXBuildFile; fileRef = B47BCD3E11B8D0A900208B63 /* MediaPlayer.framework */; };
		B47BCD4111B8D0A900208B63 /* MessageUI.framework in Frameworks */ = {isa = PBXBuildFile; fileRef = B47BCD4011B8D0A900208B63 /* MessageUI.framework */; };
		B47BCD4311B8D0A900208B63 /* QuartzCore.framework in Frameworks */ = {isa = PBXBuildFile; fileRef = B47BCD4211B8D0A900208B63 /* QuartzCore.framework */; };
		B4F95B6211B76EAB003DDCA4 /* TriviaStore.m in Sources */ = {isa = PBXBuildFile; fileRef = B4F95B6111B76EAB003DDCA4 /* TriviaStore.m */; };
		B4F95B7C11B7835C003DDCA4 /* answer.png in Resources */ = {isa = PBXBuildFile; fileRef = B4F95B7B11B7835C003DDCA4 /* answer.png */; };
		B4F95BA811B787C4003DDCA4 /* bg.png in Resources */ = {isa = PBXBuildFile; fileRef = B4F95BA711B787C4003DDCA4 /* bg.png */; };
		B4F95BE011B79060003DDCA4 /* Default.png in Resources */ = {isa = PBXBuildFile; fileRef = B4F95BDF11B79060003DDCA4 /* Default.png */; };
		B4F95BF611B791D2003DDCA4 /* NSMutableArray-Shuffle.m in Sources */ = {isa = PBXBuildFile; fileRef = B4F95BF511B791D2003DDCA4 /* NSMutableArray-Shuffle.m */; };
/* End PBXBuildFile section */

/* Begin PBXFileReference section */
		1D30AB110D05D00D00671497 /* Foundation.framework */ = {isa = PBXFileReference; lastKnownFileType = wrapper.framework; name = Foundation.framework; path = System/Library/Frameworks/Foundation.framework; sourceTree = SDKROOT; };
		1D3623240D0F684500981E51 /* QuotesTriviaAppDelegate.h */ = {isa = PBXFileReference; fileEncoding = 4; lastKnownFileType = sourcecode.c.h; path = QuotesTriviaAppDelegate.h; sourceTree = "<group>"; };
		1D3623250D0F684500981E51 /* QuotesTriviaAppDelegate.m */ = {isa = PBXFileReference; fileEncoding = 4; lastKnownFileType = sourcecode.c.objc; path = QuotesTriviaAppDelegate.m; sourceTree = "<group>"; };
		1D6058910D05DD3D006BFB54 /* QuotesTrivia.app */ = {isa = PBXFileReference; explicitFileType = wrapper.application; includeInIndex = 0; path = QuotesTrivia.app; sourceTree = BUILT_PRODUCTS_DIR; };
		1DF5F4DF0D08C38300B7A737 /* UIKit.framework */ = {isa = PBXFileReference; lastKnownFileType = wrapper.framework; name = UIKit.framework; path = System/Library/Frameworks/UIKit.framework; sourceTree = SDKROOT; };
		288765A40DF7441C002DB57D /* CoreGraphics.framework */ = {isa = PBXFileReference; lastKnownFileType = wrapper.framework; name = CoreGraphics.framework; path = System/Library/Frameworks/CoreGraphics.framework; sourceTree = SDKROOT; };
		2899E5210DE3E06400AC0155 /* QuotesTriviaViewController.xib */ = {isa = PBXFileReference; lastKnownFileType = file.xib; path = QuotesTriviaViewController.xib; sourceTree = "<group>"; };
		28AD733E0D9D9553002E5188 /* MainWindow.xib */ = {isa = PBXFileReference; lastKnownFileType = file.xib; path = MainWindow.xib; sourceTree = "<group>"; };
		28D7ACF60DDB3853001CB0EB /* QuotesTriviaViewController.h */ = {isa = PBXFileReference; fileEncoding = 4; lastKnownFileType = sourcecode.c.h; path = QuotesTriviaViewController.h; sourceTree = "<group>"; };
		28D7ACF70DDB3853001CB0EB /* QuotesTriviaViewController.m */ = {isa = PBXFileReference; fileEncoding = 4; lastKnownFileType = sourcecode.c.objc; path = QuotesTriviaViewController.m; sourceTree = "<group>"; };
		29B97316FDCFA39411CA2CEA /* main.m */ = {isa = PBXFileReference; fileEncoding = 4; lastKnownFileType = sourcecode.c.objc; path = main.m; sourceTree = "<group>"; };
		32CA4F630368D1EE00C91783 /* QuotesTrivia_Prefix.pch */ = {isa = PBXFileReference; fileEncoding = 4; lastKnownFileType = sourcecode.c.h; path = QuotesTrivia_Prefix.pch; sourceTree = "<group>"; };
		8D1107310486CEB800E47090 /* QuotesTrivia-Info.plist */ = {isa = PBXFileReference; fileEncoding = 4; lastKnownFileType = text.plist.xml; path = "QuotesTrivia-Info.plist"; plistStructureDefinitionIdentifier = "com.apple.xcode.plist.structure-definition.iphone.info-plist"; sourceTree = "<group>"; };
		B435034411B4C31C00C4B107 /* QuestionStore.h */ = {isa = PBXFileReference; fileEncoding = 4; lastKnownFileType = sourcecode.c.h; path = QuestionStore.h; sourceTree = "<group>"; };
		B435034511B4C31C00C4B107 /* QuestionStore.m */ = {isa = PBXFileReference; fileEncoding = 4; lastKnownFileType = sourcecode.c.objc; path = QuestionStore.m; sourceTree = "<group>"; };
		B435034911B4C37500C4B107 /* Question.h */ = {isa = PBXFileReference; fileEncoding = 4; lastKnownFileType = sourcecode.c.h; path = Question.h; sourceTree = "<group>"; };
		B435035411B4C45600C4B107 /* EpisodeStore.h */ = {isa = PBXFileReference; fileEncoding = 4; lastKnownFileType = sourcecode.c.h; path = EpisodeStore.h; sourceTree = "<group>"; };
		B435035511B4C45600C4B107 /* EpisodeStore.m */ = {isa = PBXFileReference; fileEncoding = 4; lastKnownFileType = sourcecode.c.objc; path = EpisodeStore.m; sourceTree = "<group>"; };
		B435035B11B4C61D00C4B107 /* Quote.h */ = {isa = PBXFileReference; fileEncoding = 4; lastKnownFileType = sourcecode.c.h; path = Quote.h; sourceTree = "<group>"; };
		B435038211B4DF4E00C4B107 /* Quote.m */ = {isa = PBXFileReference; fileEncoding = 4; lastKnownFileType = sourcecode.c.objc; path = Quote.m; sourceTree = "<group>"; };
		B43503A811B4E11500C4B107 /* Question.m */ = {isa = PBXFileReference; fileEncoding = 4; lastKnownFileType = sourcecode.c.objc; path = Question.m; sourceTree = "<group>"; };
		B43503B411B4E67D00C4B107 /* QuestionManager.h */ = {isa = PBXFileReference; fileEncoding = 4; lastKnownFileType = sourcecode.c.h; path = QuestionManager.h; sourceTree = "<group>"; };
		B43503B511B4E67D00C4B107 /* QuestionManager.m */ = {isa = PBXFileReference; fileEncoding = 4; lastKnownFileType = sourcecode.c.objc; path = QuestionManager.m; sourceTree = "<group>"; };
		B43503DB11B4E92800C4B107 /* quotes.txt */ = {isa = PBXFileReference; fileEncoding = 4; lastKnownFileType = text; path = quotes.txt; sourceTree = "<group>"; };
		B43503DC11B4E92800C4B107 /* trivia.txt */ = {isa = PBXFileReference; fileEncoding = 4; lastKnownFileType = text; path = trivia.txt; sourceTree = "<group>"; };
		B4440B6B11B62545000F15C2 /* SpeakerStore.h */ = {isa = PBXFileReference; fileEncoding = 4; lastKnownFileType = sourcecode.c.h; path = SpeakerStore.h; sourceTree = "<group>"; };
		B4440B6C11B62545000F15C2 /* SpeakerStore.m */ = {isa = PBXFileReference; fileEncoding = 4; lastKnownFileType = sourcecode.c.objc; path = SpeakerStore.m; sourceTree = "<group>"; };
		B4440CA711B642C1000F15C2 /* progress0.png */ = {isa = PBXFileReference; lastKnownFileType = image.png; path = progress0.png; sourceTree = "<group>"; };
		B4440CA811B642C1000F15C2 /* progress1.png */ = {isa = PBXFileReference; lastKnownFileType = image.png; path = progress1.png; sourceTree = "<group>"; };
		B4440CA911B642C1000F15C2 /* progress2.png */ = {isa = PBXFileReference; lastKnownFileType = image.png; path = progress2.png; sourceTree = "<group>"; };
		B4440CAA11B642C1000F15C2 /* progress3.png */ = {isa = PBXFileReference; lastKnownFileType = image.png; path = progress3.png; sourceTree = "<group>"; };
		B4440CAB11B642C1000F15C2 /* progress4.png */ = {isa = PBXFileReference; lastKnownFileType = image.png; path = progress4.png; sourceTree = "<group>"; };
		B4440CAC11B642C1000F15C2 /* progress5.png */ = {isa = PBXFileReference; lastKnownFileType = image.png; path = progress5.png; sourceTree = "<group>"; };
		B4440CAD11B642C1000F15C2 /* progress6.png */ = {isa = PBXFileReference; lastKnownFileType = image.png; path = progress6.png; sourceTree = "<group>"; };
		B4440CAE11B642C1000F15C2 /* progress7.png */ = {isa = PBXFileReference; lastKnownFileType = image.png; path = progress7.png; sourceTree = "<group>"; };
		B4440CAF11B642C1000F15C2 /* progress8.png */ = {isa = PBXFileReference; lastKnownFileType = image.png; path = progress8.png; sourceTree = "<group>"; };
		B4440CB011B642C1000F15C2 /* progress9.png */ = {isa = PBXFileReference; lastKnownFileType = image.png; path = progress9.png; sourceTree = "<group>"; };
		B47BCCD911B896E100208B63 /* NSString-Encoding.h */ = {isa = PBXFileReference; fileEncoding = 4; lastKnownFileType = sourcecode.c.h; path = "NSString-Encoding.h"; sourceTree = "<group>"; };
		B47BCCDA11B896E100208B63 /* NSString-Encoding.m */ = {isa = PBXFileReference; fileEncoding = 4; lastKnownFileType = sourcecode.c.objc; path = "NSString-Encoding.m"; sourceTree = "<group>"; };
		B47BCD1311B8D08600208B63 /* AdMobDelegateProtocol.h */ = {isa = PBXFileReference; fileEncoding = 4; lastKnownFileType = sourcecode.c.h; path = AdMobDelegateProtocol.h; sourceTree = "<group>"; };
		B47BCD1411B8D08600208B63 /* AdMobInterstitialAd.h */ = {isa = PBXFileReference; fileEncoding = 4; lastKnownFileType = sourcecode.c.h; path = AdMobInterstitialAd.h; sourceTree = "<group>"; };
		B47BCD1511B8D08600208B63 /* AdMobInterstitialDelegateProtocol.h */ = {isa = PBXFileReference; fileEncoding = 4; lastKnownFileType = sourcecode.c.h; path = AdMobInterstitialDelegateProtocol.h; sourceTree = "<group>"; };
		B47BCD1611B8D08600208B63 /* AdMobView.h */ = {isa = PBXFileReference; fileEncoding = 4; lastKnownFileType = sourcecode.c.h; path = AdMobView.h; sourceTree = "<group>"; };
		B47BCD1711B8D08600208B63 /* libAdMob.a */ = {isa = PBXFileReference; lastKnownFileType = archive.ar; path = libAdMob.a; sourceTree = "<group>"; };
		B47BCD1911B8D08600208B63 /* CDataScanner.h */ = {isa = PBXFileReference; fileEncoding = 4; lastKnownFileType = sourcecode.c.h; path = CDataScanner.h; sourceTree = "<group>"; };
		B47BCD1A11B8D08600208B63 /* CDataScanner.m */ = {isa = PBXFileReference; fileEncoding = 4; lastKnownFileType = sourcecode.c.objc; path = CDataScanner.m; sourceTree = "<group>"; };
		B47BCD1C11B8D08600208B63 /* CDataScanner_Extensions.h */ = {isa = PBXFileReference; fileEncoding = 4; lastKnownFileType = sourcecode.c.h; path = CDataScanner_Extensions.h; sourceTree = "<group>"; };
		B47BCD1D11B8D08600208B63 /* CDataScanner_Extensions.m */ = {isa = PBXFileReference; fileEncoding = 4; lastKnownFileType = sourcecode.c.objc; path = CDataScanner_Extensions.m; sourceTree = "<group>"; };
		B47BCD1E11B8D08600208B63 /* NSCharacterSet_Extensions.h */ = {isa = PBXFileReference; fileEncoding = 4; lastKnownFileType = sourcecode.c.h; path = NSCharacterSet_Extensions.h; sourceTree = "<group>"; };
		B47BCD1F11B8D08600208B63 /* NSCharacterSet_Extensions.m */ = {isa = PBXFileReference; fileEncoding = 4; lastKnownFileType = sourcecode.c.objc; path = NSCharacterSet_Extensions.m; sourceTree = "<group>"; };
		B47BCD2011B8D08600208B63 /* NSDictionary_JSONExtensions.h */ = {isa = PBXFileReference; fileEncoding = 4; lastKnownFileType = sourcecode.c.h; path = NSDictionary_JSONExtensions.h; sourceTree = "<group>"; };
		B47BCD2111B8D08600208B63 /* NSDictionary_JSONExtensions.m */ = {isa = PBXFileReference; fileEncoding = 4; lastKnownFileType = sourcecode.c.objc; path = NSDictionary_JSONExtensions.m; sourceTree = "<group>"; };
		B47BCD2211B8D08600208B63 /* NSScanner_Extensions.h */ = {isa = PBXFileReference; fileEncoding = 4; lastKnownFileType = sourcecode.c.h; path = NSScanner_Extensions.h; sourceTree = "<group>"; };
		B47BCD2311B8D08600208B63 /* NSScanner_Extensions.m */ = {isa = PBXFileReference; fileEncoding = 4; lastKnownFileType = sourcecode.c.objc; path = NSScanner_Extensions.m; sourceTree = "<group>"; };
		B47BCD2511B8D08600208B63 /* CJSONDataSerializer.h */ = {isa = PBXFileReference; fileEncoding = 4; lastKnownFileType = sourcecode.c.h; path = CJSONDataSerializer.h; sourceTree = "<group>"; };
		B47BCD2611B8D08600208B63 /* CJSONDataSerializer.m */ = {isa = PBXFileReference; fileEncoding = 4; lastKnownFileType = sourcecode.c.objc; path = CJSONDataSerializer.m; sourceTree = "<group>"; };
		B47BCD2711B8D08600208B63 /* CJSONDeserializer.h */ = {isa = PBXFileReference; fileEncoding = 4; lastKnownFileType = sourcecode.c.h; path = CJSONDeserializer.h; sourceTree = "<group>"; };
		B47BCD2811B8D08600208B63 /* CJSONDeserializer.m */ = {isa = PBXFileReference; fileEncoding = 4; lastKnownFileType = sourcecode.c.objc; path = CJSONDeserializer.m; sourceTree = "<group>"; };
		B47BCD2911B8D08600208B63 /* CJSONScanner.h */ = {isa = PBXFileReference; fileEncoding = 4; lastKnownFileType = sourcecode.c.h; path = CJSONScanner.h; sourceTree = "<group>"; };
		B47BCD2A11B8D08600208B63 /* CJSONScanner.m */ = {isa = PBXFileReference; fileEncoding = 4; lastKnownFileType = sourcecode.c.objc; path = CJSONScanner.m; sourceTree = "<group>"; };
		B47BCD2B11B8D08600208B63 /* CJSONSerializer.h */ = {isa = PBXFileReference; fileEncoding = 4; lastKnownFileType = sourcecode.c.h; path = CJSONSerializer.h; sourceTree = "<group>"; };
		B47BCD2C11B8D08600208B63 /* CJSONSerializer.m */ = {isa = PBXFileReference; fileEncoding = 4; lastKnownFileType = sourcecode.c.objc; path = CJSONSerializer.m; sourceTree = "<group>"; };
		B47BCD2D11B8D08600208B63 /* CSerializedJSONData.h */ = {isa = PBXFileReference; fileEncoding = 4; lastKnownFileType = sourcecode.c.h; path = CSerializedJSONData.h; sourceTree = "<group>"; };
		B47BCD2E11B8D08600208B63 /* CSerializedJSONData.m */ = {isa = PBXFileReference; fileEncoding = 4; lastKnownFileType = sourcecode.c.objc; path = CSerializedJSONData.m; sourceTree = "<group>"; };
		B47BCD3C11B8D0A900208B63 /* AudioToolbox.framework */ = {isa = PBXFileReference; lastKnownFileType = wrapper.framework; name = AudioToolbox.framework; path = System/Library/Frameworks/AudioToolbox.framework; sourceTree = SDKROOT; };
		B47BCD3E11B8D0A900208B63 /* MediaPlayer.framework */ = {isa = PBXFileReference; lastKnownFileType = wrapper.framework; name = MediaPlayer.framework; path = System/Library/Frameworks/MediaPlayer.framework; sourceTree = SDKROOT; };
		B47BCD4011B8D0A900208B63 /* MessageUI.framework */ = {isa = PBXFileReference; lastKnownFileType = wrapper.framework; name = MessageUI.framework; path = System/Library/Frameworks/MessageUI.framework; sourceTree = SDKROOT; };
		B47BCD4211B8D0A900208B63 /* QuartzCore.framework */ = {isa = PBXFileReference; lastKnownFileType = wrapper.framework; name = QuartzCore.framework; path = System/Library/Frameworks/QuartzCore.framework; sourceTree = SDKROOT; };
		B4F95B6011B76EAB003DDCA4 /* TriviaStore.h */ = {isa = PBXFileReference; fileEncoding = 4; lastKnownFileType = sourcecode.c.h; path = TriviaStore.h; sourceTree = "<group>"; };
		B4F95B6111B76EAB003DDCA4 /* TriviaStore.m */ = {isa = PBXFileReference; fileEncoding = 4; lastKnownFileType = sourcecode.c.objc; path = TriviaStore.m; sourceTree = "<group>"; };
		B4F95B7B11B7835C003DDCA4 /* answer.png */ = {isa = PBXFileReference; lastKnownFileType = image.png; path = answer.png; sourceTree = "<group>"; };
		B4F95BA711B787C4003DDCA4 /* bg.png */ = {isa = PBXFileReference; lastKnownFileType = image.png; path = bg.png; sourceTree = "<group>"; };
		B4F95BDF11B79060003DDCA4 /* Default.png */ = {isa = PBXFileReference; lastKnownFileType = image.png; path = Default.png; sourceTree = "<group>"; };
		B4F95BF411B791D2003DDCA4 /* NSMutableArray-Shuffle.h */ = {isa = PBXFileReference; fileEncoding = 4; lastKnownFileType = sourcecode.c.h; path = "NSMutableArray-Shuffle.h"; sourceTree = "<group>"; };
		B4F95BF511B791D2003DDCA4 /* NSMutableArray-Shuffle.m */ = {isa = PBXFileReference; fileEncoding = 4; lastKnownFileType = sourcecode.c.objc; path = "NSMutableArray-Shuffle.m"; sourceTree = "<group>"; };
/* End PBXFileReference section */

/* Begin PBXFrameworksBuildPhase section */
		1D60588F0D05DD3D006BFB54 /* Frameworks */ = {
			isa = PBXFrameworksBuildPhase;
			buildActionMask = 2147483647;
			files = (
				1D60589F0D05DD5A006BFB54 /* Foundation.framework in Frameworks */,
				1DF5F4E00D08C38300B7A737 /* UIKit.framework in Frameworks */,
				288765A50DF7441C002DB57D /* CoreGraphics.framework in Frameworks */,
				B47BCD2F11B8D08600208B63 /* libAdMob.a in Frameworks */,
				B47BCD3D11B8D0A900208B63 /* AudioToolbox.framework in Frameworks */,
				B47BCD3F11B8D0A900208B63 /* MediaPlayer.framework in Frameworks */,
				B47BCD4111B8D0A900208B63 /* MessageUI.framework in Frameworks */,
				B47BCD4311B8D0A900208B63 /* QuartzCore.framework in Frameworks */,
			);
			runOnlyForDeploymentPostprocessing = 0;
		};
/* End PBXFrameworksBuildPhase section */

/* Begin PBXGroup section */
		080E96DDFE201D6D7F000001 /* Classes */ = {
			isa = PBXGroup;
			children = (
				1D3623240D0F684500981E51 /* QuotesTriviaAppDelegate.h */,
				1D3623250D0F684500981E51 /* QuotesTriviaAppDelegate.m */,
				28D7ACF60DDB3853001CB0EB /* QuotesTriviaViewController.h */,
				28D7ACF70DDB3853001CB0EB /* QuotesTriviaViewController.m */,
				B435034411B4C31C00C4B107 /* QuestionStore.h */,
				B435034511B4C31C00C4B107 /* QuestionStore.m */,
				B435034911B4C37500C4B107 /* Question.h */,
				B43503A811B4E11500C4B107 /* Question.m */,
				B435035411B4C45600C4B107 /* EpisodeStore.h */,
				B435035511B4C45600C4B107 /* EpisodeStore.m */,
				B435035B11B4C61D00C4B107 /* Quote.h */,
				B435038211B4DF4E00C4B107 /* Quote.m */,
				B43503B411B4E67D00C4B107 /* QuestionManager.h */,
				B43503B511B4E67D00C4B107 /* QuestionManager.m */,
				B4440B6B11B62545000F15C2 /* SpeakerStore.h */,
				B4440B6C11B62545000F15C2 /* SpeakerStore.m */,
				B4F95B6011B76EAB003DDCA4 /* TriviaStore.h */,
				B4F95B6111B76EAB003DDCA4 /* TriviaStore.m */,
				B4F95BF411B791D2003DDCA4 /* NSMutableArray-Shuffle.h */,
				B4F95BF511B791D2003DDCA4 /* NSMutableArray-Shuffle.m */,
				B47BCCD911B896E100208B63 /* NSString-Encoding.h */,
				B47BCCDA11B896E100208B63 /* NSString-Encoding.m */,
			);
			path = Classes;
			sourceTree = "<group>";
		};
		19C28FACFE9D520D11CA2CBB /* Products */ = {
			isa = PBXGroup;
			children = (
				1D6058910D05DD3D006BFB54 /* QuotesTrivia.app */,
			);
			name = Products;
			sourceTree = "<group>";
		};
		29B97314FDCFA39411CA2CEA /* CustomTemplate */ = {
			isa = PBXGroup;
			children = (
				B47BCD1211B8D08600208B63 /* AdMob */,
				B47BCD1811B8D08600208B63 /* TouchJSON */,
				080E96DDFE201D6D7F000001 /* Classes */,
				29B97315FDCFA39411CA2CEA /* Other Sources */,
				29B97317FDCFA39411CA2CEA /* Resources */,
				29B97323FDCFA39411CA2CEA /* Frameworks */,
				19C28FACFE9D520D11CA2CBB /* Products */,
			);
			name = CustomTemplate;
			sourceTree = "<group>";
		};
		29B97315FDCFA39411CA2CEA /* Other Sources */ = {
			isa = PBXGroup;
			children = (
				32CA4F630368D1EE00C91783 /* QuotesTrivia_Prefix.pch */,
				29B97316FDCFA39411CA2CEA /* main.m */,
			);
			name = "Other Sources";
			sourceTree = "<group>";
		};
		29B97317FDCFA39411CA2CEA /* Resources */ = {
			isa = PBXGroup;
			children = (
				B4F95BDF11B79060003DDCA4 /* Default.png */,
				B4F95BA711B787C4003DDCA4 /* bg.png */,
				B4F95B7B11B7835C003DDCA4 /* answer.png */,
				B4440CA711B642C1000F15C2 /* progress0.png */,
				B4440CA811B642C1000F15C2 /* progress1.png */,
				B4440CA911B642C1000F15C2 /* progress2.png */,
				B4440CAA11B642C1000F15C2 /* progress3.png */,
				B4440CAB11B642C1000F15C2 /* progress4.png */,
				B4440CAC11B642C1000F15C2 /* progress5.png */,
				B4440CAD11B642C1000F15C2 /* progress6.png */,
				B4440CAE11B642C1000F15C2 /* progress7.png */,
				B4440CAF11B642C1000F15C2 /* progress8.png */,
				B4440CB011B642C1000F15C2 /* progress9.png */,
				B43503DB11B4E92800C4B107 /* quotes.txt */,
				B43503DC11B4E92800C4B107 /* trivia.txt */,
				2899E5210DE3E06400AC0155 /* QuotesTriviaViewController.xib */,
				28AD733E0D9D9553002E5188 /* MainWindow.xib */,
				8D1107310486CEB800E47090 /* QuotesTrivia-Info.plist */,
			);
			name = Resources;
			sourceTree = "<group>";
		};
		29B97323FDCFA39411CA2CEA /* Frameworks */ = {
			isa = PBXGroup;
			children = (
				B47BCD3C11B8D0A900208B63 /* AudioToolbox.framework */,
				B47BCD3E11B8D0A900208B63 /* MediaPlayer.framework */,
				B47BCD4011B8D0A900208B63 /* MessageUI.framework */,
				B47BCD4211B8D0A900208B63 /* QuartzCore.framework */,
				1DF5F4DF0D08C38300B7A737 /* UIKit.framework */,
				1D30AB110D05D00D00671497 /* Foundation.framework */,
				288765A40DF7441C002DB57D /* CoreGraphics.framework */,
			);
			name = Frameworks;
			sourceTree = "<group>";
		};
		B47BCD1211B8D08600208B63 /* AdMob */ = {
			isa = PBXGroup;
			children = (
				B47BCD1311B8D08600208B63 /* AdMobDelegateProtocol.h */,
				B47BCD1411B8D08600208B63 /* AdMobInterstitialAd.h */,
				B47BCD1511B8D08600208B63 /* AdMobInterstitialDelegateProtocol.h */,
				B47BCD1611B8D08600208B63 /* AdMobView.h */,
				B47BCD1711B8D08600208B63 /* libAdMob.a */,
			);
			path = AdMob;
			sourceTree = "<group>";
		};
		B47BCD1811B8D08600208B63 /* TouchJSON */ = {
			isa = PBXGroup;
			children = (
				B47BCD1911B8D08600208B63 /* CDataScanner.h */,
				B47BCD1A11B8D08600208B63 /* CDataScanner.m */,
				B47BCD1B11B8D08600208B63 /* Extensions */,
				B47BCD2411B8D08600208B63 /* JSON */,
			);
			path = TouchJSON;
			sourceTree = "<group>";
		};
		B47BCD1B11B8D08600208B63 /* Extensions */ = {
			isa = PBXGroup;
			children = (
				B47BCD1C11B8D08600208B63 /* CDataScanner_Extensions.h */,
				B47BCD1D11B8D08600208B63 /* CDataScanner_Extensions.m */,
				B47BCD1E11B8D08600208B63 /* NSCharacterSet_Extensions.h */,
				B47BCD1F11B8D08600208B63 /* NSCharacterSet_Extensions.m */,
				B47BCD2011B8D08600208B63 /* NSDictionary_JSONExtensions.h */,
				B47BCD2111B8D08600208B63 /* NSDictionary_JSONExtensions.m */,
				B47BCD2211B8D08600208B63 /* NSScanner_Extensions.h */,
				B47BCD2311B8D08600208B63 /* NSScanner_Extensions.m */,
			);
			path = Extensions;
			sourceTree = "<group>";
		};
		B47BCD2411B8D08600208B63 /* JSON */ = {
			isa = PBXGroup;
			children = (
				B47BCD2511B8D08600208B63 /* CJSONDataSerializer.h */,
				B47BCD2611B8D08600208B63 /* CJSONDataSerializer.m */,
				B47BCD2711B8D08600208B63 /* CJSONDeserializer.h */,
				B47BCD2811B8D08600208B63 /* CJSONDeserializer.m */,
				B47BCD2911B8D08600208B63 /* CJSONScanner.h */,
				B47BCD2A11B8D08600208B63 /* CJSONScanner.m */,
				B47BCD2B11B8D08600208B63 /* CJSONSerializer.h */,
				B47BCD2C11B8D08600208B63 /* CJSONSerializer.m */,
				B47BCD2D11B8D08600208B63 /* CSerializedJSONData.h */,
				B47BCD2E11B8D08600208B63 /* CSerializedJSONData.m */,
			);
			path = JSON;
			sourceTree = "<group>";
		};
/* End PBXGroup section */

/* Begin PBXNativeTarget section */
		1D6058900D05DD3D006BFB54 /* QuotesTrivia */ = {
			isa = PBXNativeTarget;
			buildConfigurationList = 1D6058960D05DD3E006BFB54 /* Build configuration list for PBXNativeTarget "QuotesTrivia" */;
			buildPhases = (
				1D60588D0D05DD3D006BFB54 /* Resources */,
				1D60588E0D05DD3D006BFB54 /* Sources */,
				1D60588F0D05DD3D006BFB54 /* Frameworks */,
			);
			buildRules = (
			);
			dependencies = (
			);
			name = QuotesTrivia;
			productName = QuotesTrivia;
			productReference = 1D6058910D05DD3D006BFB54 /* QuotesTrivia.app */;
			productType = "com.apple.product-type.application";
		};
/* End PBXNativeTarget section */

/* Begin PBXProject section */
		29B97313FDCFA39411CA2CEA /* Project object */ = {
			isa = PBXProject;
			buildConfigurationList = C01FCF4E08A954540054247B /* Build configuration list for PBXProject "QuotesTrivia" */;
			compatibilityVersion = "Xcode 3.1";
			hasScannedForEncodings = 1;
			mainGroup = 29B97314FDCFA39411CA2CEA /* CustomTemplate */;
			projectDirPath = "";
			projectRoot = "";
			targets = (
				1D6058900D05DD3D006BFB54 /* QuotesTrivia */,
			);
		};
/* End PBXProject section */

/* Begin PBXResourcesBuildPhase section */
		1D60588D0D05DD3D006BFB54 /* Resources */ = {
			isa = PBXResourcesBuildPhase;
			buildActionMask = 2147483647;
			files = (
				28AD733F0D9D9553002E5188 /* MainWindow.xib in Resources */,
				2899E5220DE3E06400AC0155 /* QuotesTriviaViewController.xib in Resources */,
				B43503DD11B4E92800C4B107 /* quotes.txt in Resources */,
				B43503DE11B4E92800C4B107 /* trivia.txt in Resources */,
				B4440CB111B642C1000F15C2 /* progress0.png in Resources */,
				B4440CB211B642C1000F15C2 /* progress1.png in Resources */,
				B4440CB311B642C1000F15C2 /* progress2.png in Resources */,
				B4440CB411B642C1000F15C2 /* progress3.png in Resources */,
				B4440CB511B642C1000F15C2 /* progress4.png in Resources */,
				B4440CB611B642C1000F15C2 /* progress5.png in Resources */,
				B4440CB711B642C1000F15C2 /* progress6.png in Resources */,
				B4440CB811B642C1000F15C2 /* progress7.png in Resources */,
				B4440CB911B642C1000F15C2 /* progress8.png in Resources */,
				B4440CBA11B642C1000F15C2 /* progress9.png in Resources */,
				B4F95B7C11B7835C003DDCA4 /* answer.png in Resources */,
				B4F95BA811B787C4003DDCA4 /* bg.png in Resources */,
				B4F95BE011B79060003DDCA4 /* Default.png in Resources */,
			);
			runOnlyForDeploymentPostprocessing = 0;
		};
/* End PBXResourcesBuildPhase section */

/* Begin PBXSourcesBuildPhase section */
		1D60588E0D05DD3D006BFB54 /* Sources */ = {
			isa = PBXSourcesBuildPhase;
			buildActionMask = 2147483647;
			files = (
				1D60589B0D05DD56006BFB54 /* main.m in Sources */,
				1D3623260D0F684500981E51 /* QuotesTriviaAppDelegate.m in Sources */,
				28D7ACF80DDB3853001CB0EB /* QuotesTriviaViewController.m in Sources */,
				B435034611B4C31C00C4B107 /* QuestionStore.m in Sources */,
				B435035611B4C45600C4B107 /* EpisodeStore.m in Sources */,
				B435038311B4DF4E00C4B107 /* Quote.m in Sources */,
				B43503A911B4E11500C4B107 /* Question.m in Sources */,
				B43503B611B4E67D00C4B107 /* QuestionManager.m in Sources */,
				B4440B6D11B62545000F15C2 /* SpeakerStore.m in Sources */,
				B4F95B6211B76EAB003DDCA4 /* TriviaStore.m in Sources */,
				B4F95BF611B791D2003DDCA4 /* NSMutableArray-Shuffle.m in Sources */,
				B47BCCDB11B896E100208B63 /* NSString-Encoding.m in Sources */,
				B47BCD3011B8D08600208B63 /* CDataScanner.m in Sources */,
				B47BCD3111B8D08600208B63 /* CDataScanner_Extensions.m in Sources */,
				B47BCD3211B8D08600208B63 /* NSCharacterSet_Extensions.m in Sources */,
				B47BCD3311B8D08600208B63 /* NSDictionary_JSONExtensions.m in Sources */,
				B47BCD3411B8D08600208B63 /* NSScanner_Extensions.m in Sources */,
				B47BCD3511B8D08600208B63 /* CJSONDataSerializer.m in Sources */,
				B47BCD3611B8D08600208B63 /* CJSONDeserializer.m in Sources */,
				B47BCD3711B8D08600208B63 /* CJSONScanner.m in Sources */,
				B47BCD3811B8D08600208B63 /* CJSONSerializer.m in Sources */,
				B47BCD3911B8D08600208B63 /* CSerializedJSONData.m in Sources */,
			);
			runOnlyForDeploymentPostprocessing = 0;
		};
/* End PBXSourcesBuildPhase section */

/* Begin XCBuildConfiguration section */
		1D6058940D05DD3E006BFB54 /* Debug */ = {
			isa = XCBuildConfiguration;
			buildSettings = {
				ALWAYS_SEARCH_USER_PATHS = NO;
				COPY_PHASE_STRIP = NO;
				GCC_DYNAMIC_NO_PIC = NO;
				GCC_OPTIMIZATION_LEVEL = 0;
				GCC_PRECOMPILE_PREFIX_HEADER = YES;
				GCC_PREFIX_HEADER = QuotesTrivia_Prefix.pch;
				INFOPLIST_FILE = "QuotesTrivia-Info.plist";
				LIBRARY_SEARCH_PATHS = (
					"$(inherited)",
					"\"$(SRCROOT)/AdMob\"",
				);
				PRODUCT_NAME = QuotesTrivia;
			};
			name = Debug;
		};
		1D6058950D05DD3E006BFB54 /* Release */ = {
			isa = XCBuildConfiguration;
			buildSettings = {
				ALWAYS_SEARCH_USER_PATHS = NO;
				COPY_PHASE_STRIP = YES;
				GCC_PRECOMPILE_PREFIX_HEADER = YES;
				GCC_PREFIX_HEADER = QuotesTrivia_Prefix.pch;
				INFOPLIST_FILE = "QuotesTrivia-Info.plist";
				LIBRARY_SEARCH_PATHS = (
					"$(inherited)",
					"\"$(SRCROOT)/AdMob\"",
				);
				PRODUCT_NAME = QuotesTrivia;
				VALIDATE_PRODUCT = YES;
			};
			name = Release;
		};
		C01FCF4F08A954540054247B /* Debug */ = {
			isa = XCBuildConfiguration;
			buildSettings = {
				ARCHS = "$(ARCHS_STANDARD_32_BIT)";
				"CODE_SIGN_IDENTITY[sdk=iphoneos*]" = "iPhone Developer";
				GCC_C_LANGUAGE_STANDARD = c99;
				GCC_WARN_ABOUT_RETURN_TYPE = YES;
				GCC_WARN_UNUSED_VARIABLE = YES;
				PREBINDING = NO;
				SDKROOT = iphoneos3.1.3;
			};
			name = Debug;
		};
		C01FCF5008A954540054247B /* Release */ = {
			isa = XCBuildConfiguration;
			buildSettings = {
				ARCHS = "$(ARCHS_STANDARD_32_BIT)";
				"CODE_SIGN_IDENTITY[sdk=iphoneos*]" = "iPhone Developer";
				GCC_C_LANGUAGE_STANDARD = c99;
				GCC_WARN_ABOUT_RETURN_TYPE = YES;
				GCC_WARN_UNUSED_VARIABLE = YES;
				OTHER_CFLAGS = "-DNS_BLOCK_ASSERTIONS=1";
				PREBINDING = NO;
				SDKROOT = iphoneos3.1.3;
			};
			name = Release;
		};
/* End XCBuildConfiguration section */

/* Begin XCConfigurationList section */
		1D6058960D05DD3E006BFB54 /* Build configuration list for PBXNativeTarget "QuotesTrivia" */ = {
			isa = XCConfigurationList;
			buildConfigurations = (
				1D6058940D05DD3E006BFB54 /* Debug */,
				1D6058950D05DD3E006BFB54 /* Release */,
			);
			defaultConfigurationIsVisible = 0;
			defaultConfigurationName = Release;
		};
		C01FCF4E08A954540054247B /* Build configuration list for PBXProject "QuotesTrivia" */ = {
			isa = XCConfigurationList;
			buildConfigurations = (
				C01FCF4F08A954540054247B /* Debug */,
				C01FCF5008A954540054247B /* Release */,
			);
			defaultConfigurationIsVisible = 0;
			defaultConfigurationName = Release;
		};
/* End XCConfigurationList section */
	};
	rootObject = 29B97313FDCFA39411CA2CEA /* Project object */;
}
