// !$*UTF8*$!
{
	archiveVersion = 1;
	classes = {
	};
	objectVersion = 46;
	objects = {

/* Begin PBXBuildFile section */
		B4E0B6781639028A004E6491 /* UIKit.framework in Frameworks */ = {isa = PBXBuildFile; fileRef = B4E0B6771639028A004E6491 /* UIKit.framework */; };
		B4E0B67A1639028A004E6491 /* Foundation.framework in Frameworks */ = {isa = PBXBuildFile; fileRef = B4E0B6791639028A004E6491 /* Foundation.framework */; };
		B4E0B67C1639028A004E6491 /* CoreGraphics.framework in Frameworks */ = {isa = PBXBuildFile; fileRef = B4E0B67B1639028A004E6491 /* CoreGraphics.framework */; };
		B4E0B6821639028A004E6491 /* InfoPlist.strings in Resources */ = {isa = PBXBuildFile; fileRef = B4E0B6801639028A004E6491 /* InfoPlist.strings */; };
		B4E0B6841639028A004E6491 /* main.m in Sources */ = {isa = PBXBuildFile; fileRef = B4E0B6831639028A004E6491 /* main.m */; };
		B4E0B6881639028A004E6491 /* AppDelegate.m in Sources */ = {isa = PBXBuildFile; fileRef = B4E0B6871639028A004E6491 /* AppDelegate.m */; };
		B4E0B68A1639028A004E6491 /* Default.png in Resources */ = {isa = PBXBuildFile; fileRef = B4E0B6891639028A004E6491 /* Default.png */; };
		B4E0B68C1639028A004E6491 /* Default@2x.png in Resources */ = {isa = PBXBuildFile; fileRef = B4E0B68B1639028A004E6491 /* Default@2x.png */; };
		B4E0B68E1639028A004E6491 /* Default-568h@2x.png in Resources */ = {isa = PBXBuildFile; fileRef = B4E0B68D1639028A004E6491 /* Default-568h@2x.png */; };
		B4E0B6911639028A004E6491 /* MainStoryboard_iPhone.storyboard in Resources */ = {isa = PBXBuildFile; fileRef = B4E0B68F1639028A004E6491 /* MainStoryboard_iPhone.storyboard */; };
		B4E0B6941639028A004E6491 /* MainStoryboard_iPad.storyboard in Resources */ = {isa = PBXBuildFile; fileRef = B4E0B6921639028A004E6491 /* MainStoryboard_iPad.storyboard */; };
		B4E0B6971639028A004E6491 /* ViewController.m in Sources */ = {isa = PBXBuildFile; fileRef = B4E0B6961639028A004E6491 /* ViewController.m */; };
		B4E0B69F1639028A004E6491 /* SenTestingKit.framework in Frameworks */ = {isa = PBXBuildFile; fileRef = B4E0B69E1639028A004E6491 /* SenTestingKit.framework */; };
		B4E0B6A01639028A004E6491 /* UIKit.framework in Frameworks */ = {isa = PBXBuildFile; fileRef = B4E0B6771639028A004E6491 /* UIKit.framework */; };
		B4E0B6A11639028A004E6491 /* Foundation.framework in Frameworks */ = {isa = PBXBuildFile; fileRef = B4E0B6791639028A004E6491 /* Foundation.framework */; };
		B4E0B6A91639028A004E6491 /* InfoPlist.strings in Resources */ = {isa = PBXBuildFile; fileRef = B4E0B6A71639028A004E6491 /* InfoPlist.strings */; };
		B4E0B6AC1639028A004E6491 /* Letterpress_SolverTests.m in Sources */ = {isa = PBXBuildFile; fileRef = B4E0B6AB1639028A004E6491 /* Letterpress_SolverTests.m */; };
		B4E0B6B6163902DE004E6491 /* words.txt in Resources */ = {isa = PBXBuildFile; fileRef = B4E0B6B5163902DE004E6491 /* words.txt */; };
		B4E0B6BB16391257004E6491 /* ManualEntryViewController.m in Sources */ = {isa = PBXBuildFile; fileRef = B4E0B6BA16391257004E6491 /* ManualEntryViewController.m */; };
		B4E0B6BE16399976004E6491 /* Evaluator.mm in Sources */ = {isa = PBXBuildFile; fileRef = B4E0B6BD16399976004E6491 /* Evaluator.mm */; };
		B4E0B6C1163999B4004E6491 /* Board.m in Sources */ = {isa = PBXBuildFile; fileRef = B4E0B6C0163999B4004E6491 /* Board.m */; };
		B4E0B6C5163A1F30004E6491 /* BoardView.m in Sources */ = {isa = PBXBuildFile; fileRef = B4E0B6C4163A1F30004E6491 /* BoardView.m */; };
/* End PBXBuildFile section */

/* Begin PBXContainerItemProxy section */
		B4E0B6A21639028A004E6491 /* PBXContainerItemProxy */ = {
			isa = PBXContainerItemProxy;
			containerPortal = B4E0B66A1639028A004E6491 /* Project object */;
			proxyType = 1;
			remoteGlobalIDString = B4E0B6721639028A004E6491;
			remoteInfo = "Letterpress Solver";
		};
/* End PBXContainerItemProxy section */

/* Begin PBXFileReference section */
		B4E0B6731639028A004E6491 /* Letterpress Solver.app */ = {isa = PBXFileReference; explicitFileType = wrapper.application; includeInIndex = 0; path = "Letterpress Solver.app"; sourceTree = BUILT_PRODUCTS_DIR; };
		B4E0B6771639028A004E6491 /* UIKit.framework */ = {isa = PBXFileReference; lastKnownFileType = wrapper.framework; name = UIKit.framework; path = System/Library/Frameworks/UIKit.framework; sourceTree = SDKROOT; };
		B4E0B6791639028A004E6491 /* Foundation.framework */ = {isa = PBXFileReference; lastKnownFileType = wrapper.framework; name = Foundation.framework; path = System/Library/Frameworks/Foundation.framework; sourceTree = SDKROOT; };
		B4E0B67B1639028A004E6491 /* CoreGraphics.framework */ = {isa = PBXFileReference; lastKnownFileType = wrapper.framework; name = CoreGraphics.framework; path = System/Library/Frameworks/CoreGraphics.framework; sourceTree = SDKROOT; };
		B4E0B67F1639028A004E6491 /* Letterpress Solver-Info.plist */ = {isa = PBXFileReference; lastKnownFileType = text.plist.xml; path = "Letterpress Solver-Info.plist"; sourceTree = "<group>"; };
		B4E0B6811639028A004E6491 /* en */ = {isa = PBXFileReference; lastKnownFileType = text.plist.strings; name = en; path = en.lproj/InfoPlist.strings; sourceTree = "<group>"; };
		B4E0B6831639028A004E6491 /* main.m */ = {isa = PBXFileReference; lastKnownFileType = sourcecode.c.objc; path = main.m; sourceTree = "<group>"; };
		B4E0B6851639028A004E6491 /* Letterpress Solver-Prefix.pch */ = {isa = PBXFileReference; lastKnownFileType = sourcecode.c.h; path = "Letterpress Solver-Prefix.pch"; sourceTree = "<group>"; };
		B4E0B6861639028A004E6491 /* AppDelegate.h */ = {isa = PBXFileReference; lastKnownFileType = sourcecode.c.h; path = AppDelegate.h; sourceTree = "<group>"; };
		B4E0B6871639028A004E6491 /* AppDelegate.m */ = {isa = PBXFileReference; lastKnownFileType = sourcecode.c.objc; path = AppDelegate.m; sourceTree = "<group>"; };
		B4E0B6891639028A004E6491 /* Default.png */ = {isa = PBXFileReference; lastKnownFileType = image.png; path = Default.png; sourceTree = "<group>"; };
		B4E0B68B1639028A004E6491 /* Default@2x.png */ = {isa = PBXFileReference; lastKnownFileType = image.png; path = "Default@2x.png"; sourceTree = "<group>"; };
		B4E0B68D1639028A004E6491 /* Default-568h@2x.png */ = {isa = PBXFileReference; lastKnownFileType = image.png; path = "Default-568h@2x.png"; sourceTree = "<group>"; };
		B4E0B6901639028A004E6491 /* en */ = {isa = PBXFileReference; lastKnownFileType = file.storyboard; name = en; path = en.lproj/MainStoryboard_iPhone.storyboard; sourceTree = "<group>"; };
		B4E0B6931639028A004E6491 /* en */ = {isa = PBXFileReference; lastKnownFileType = file.storyboard; name = en; path = en.lproj/MainStoryboard_iPad.storyboard; sourceTree = "<group>"; };
		B4E0B6951639028A004E6491 /* ViewController.h */ = {isa = PBXFileReference; lastKnownFileType = sourcecode.c.h; path = ViewController.h; sourceTree = "<group>"; };
		B4E0B6961639028A004E6491 /* ViewController.m */ = {isa = PBXFileReference; lastKnownFileType = sourcecode.c.objc; path = ViewController.m; sourceTree = "<group>"; };
		B4E0B69D1639028A004E6491 /* Letterpress SolverTests.octest */ = {isa = PBXFileReference; explicitFileType = wrapper.cfbundle; includeInIndex = 0; path = "Letterpress SolverTests.octest"; sourceTree = BUILT_PRODUCTS_DIR; };
		B4E0B69E1639028A004E6491 /* SenTestingKit.framework */ = {isa = PBXFileReference; lastKnownFileType = wrapper.framework; name = SenTestingKit.framework; path = Library/Frameworks/SenTestingKit.framework; sourceTree = DEVELOPER_DIR; };
		B4E0B6A61639028A004E6491 /* Letterpress SolverTests-Info.plist */ = {isa = PBXFileReference; lastKnownFileType = text.plist.xml; path = "Letterpress SolverTests-Info.plist"; sourceTree = "<group>"; };
		B4E0B6A81639028A004E6491 /* en */ = {isa = PBXFileReference; lastKnownFileType = text.plist.strings; name = en; path = en.lproj/InfoPlist.strings; sourceTree = "<group>"; };
		B4E0B6AA1639028A004E6491 /* Letterpress_SolverTests.h */ = {isa = PBXFileReference; lastKnownFileType = sourcecode.c.h; path = Letterpress_SolverTests.h; sourceTree = "<group>"; };
		B4E0B6AB1639028A004E6491 /* Letterpress_SolverTests.m */ = {isa = PBXFileReference; lastKnownFileType = sourcecode.c.objc; path = Letterpress_SolverTests.m; sourceTree = "<group>"; };
		B4E0B6B5163902DE004E6491 /* words.txt */ = {isa = PBXFileReference; fileEncoding = 4; lastKnownFileType = text; path = words.txt; sourceTree = "<group>"; };
		B4E0B6B916391257004E6491 /* ManualEntryViewController.h */ = {isa = PBXFileReference; fileEncoding = 4; lastKnownFileType = sourcecode.c.h; path = ManualEntryViewController.h; sourceTree = "<group>"; };
		B4E0B6BA16391257004E6491 /* ManualEntryViewController.m */ = {isa = PBXFileReference; fileEncoding = 4; lastKnownFileType = sourcecode.c.objc; path = ManualEntryViewController.m; sourceTree = "<group>"; };
		B4E0B6BC16399976004E6491 /* Evaluator.h */ = {isa = PBXFileReference; fileEncoding = 4; lastKnownFileType = sourcecode.c.h; path = Evaluator.h; sourceTree = "<group>"; };
		B4E0B6BD16399976004E6491 /* Evaluator.mm */ = {isa = PBXFileReference; fileEncoding = 4; lastKnownFileType = sourcecode.cpp.objcpp; path = Evaluator.mm; sourceTree = "<group>"; };
		B4E0B6BF163999B4004E6491 /* Board.h */ = {isa = PBXFileReference; fileEncoding = 4; lastKnownFileType = sourcecode.c.h; path = Board.h; sourceTree = "<group>"; };
		B4E0B6C0163999B4004E6491 /* Board.m */ = {isa = PBXFileReference; fileEncoding = 4; lastKnownFileType = sourcecode.c.objc; path = Board.m; sourceTree = "<group>"; };
		B4E0B6C216399A25004E6491 /* CellOwner.h */ = {isa = PBXFileReference; fileEncoding = 4; lastKnownFileType = sourcecode.c.h; path = CellOwner.h; sourceTree = "<group>"; };
		B4E0B6C3163A1F30004E6491 /* BoardView.h */ = {isa = PBXFileReference; fileEncoding = 4; lastKnownFileType = sourcecode.c.h; path = BoardView.h; sourceTree = "<group>"; };
		B4E0B6C4163A1F30004E6491 /* BoardView.m */ = {isa = PBXFileReference; fileEncoding = 4; lastKnownFileType = sourcecode.c.objc; path = BoardView.m; sourceTree = "<group>"; };
/* End PBXFileReference section */

/* Begin PBXFrameworksBuildPhase section */
		B4E0B6701639028A004E6491 /* Frameworks */ = {
			isa = PBXFrameworksBuildPhase;
			buildActionMask = 2147483647;
			files = (
				B4E0B6781639028A004E6491 /* UIKit.framework in Frameworks */,
				B4E0B67A1639028A004E6491 /* Foundation.framework in Frameworks */,
				B4E0B67C1639028A004E6491 /* CoreGraphics.framework in Frameworks */,
			);
			runOnlyForDeploymentPostprocessing = 0;
		};
		B4E0B6991639028A004E6491 /* Frameworks */ = {
			isa = PBXFrameworksBuildPhase;
			buildActionMask = 2147483647;
			files = (
				B4E0B69F1639028A004E6491 /* SenTestingKit.framework in Frameworks */,
				B4E0B6A01639028A004E6491 /* UIKit.framework in Frameworks */,
				B4E0B6A11639028A004E6491 /* Foundation.framework in Frameworks */,
			);
			runOnlyForDeploymentPostprocessing = 0;
		};
/* End PBXFrameworksBuildPhase section */

/* Begin PBXGroup section */
		B4E0B6681639028A004E6491 = {
			isa = PBXGroup;
			children = (
				B4E0B67D1639028A004E6491 /* Letterpress Solver */,
				B4E0B6A41639028A004E6491 /* Letterpress SolverTests */,
				B4E0B6761639028A004E6491 /* Frameworks */,
				B4E0B6741639028A004E6491 /* Products */,
			);
			sourceTree = "<group>";
		};
		B4E0B6741639028A004E6491 /* Products */ = {
			isa = PBXGroup;
			children = (
				B4E0B6731639028A004E6491 /* Letterpress Solver.app */,
				B4E0B69D1639028A004E6491 /* Letterpress SolverTests.octest */,
			);
			name = Products;
			sourceTree = "<group>";
		};
		B4E0B6761639028A004E6491 /* Frameworks */ = {
			isa = PBXGroup;
			children = (
				B4E0B6771639028A004E6491 /* UIKit.framework */,
				B4E0B6791639028A004E6491 /* Foundation.framework */,
				B4E0B67B1639028A004E6491 /* CoreGraphics.framework */,
				B4E0B69E1639028A004E6491 /* SenTestingKit.framework */,
			);
			name = Frameworks;
			sourceTree = "<group>";
		};
		B4E0B67D1639028A004E6491 /* Letterpress Solver */ = {
			isa = PBXGroup;
			children = (
				B4E0B6861639028A004E6491 /* AppDelegate.h */,
				B4E0B6871639028A004E6491 /* AppDelegate.m */,
				B4E0B68F1639028A004E6491 /* MainStoryboard_iPhone.storyboard */,
				B4E0B6921639028A004E6491 /* MainStoryboard_iPad.storyboard */,
				B4E0B6951639028A004E6491 /* ViewController.h */,
				B4E0B6961639028A004E6491 /* ViewController.m */,
				B4E0B67E1639028A004E6491 /* Supporting Files */,
				B4E0B6B916391257004E6491 /* ManualEntryViewController.h */,
				B4E0B6BA16391257004E6491 /* ManualEntryViewController.m */,
				B4E0B6BC16399976004E6491 /* Evaluator.h */,
				B4E0B6BD16399976004E6491 /* Evaluator.mm */,
				B4E0B6BF163999B4004E6491 /* Board.h */,
				B4E0B6C0163999B4004E6491 /* Board.m */,
				B4E0B6C216399A25004E6491 /* CellOwner.h */,
				B4E0B6C3163A1F30004E6491 /* BoardView.h */,
				B4E0B6C4163A1F30004E6491 /* BoardView.m */,
			);
			path = "Letterpress Solver";
			sourceTree = "<group>";
		};
		B4E0B67E1639028A004E6491 /* Supporting Files */ = {
			isa = PBXGroup;
			children = (
				B4E0B6B5163902DE004E6491 /* words.txt */,
				B4E0B67F1639028A004E6491 /* Letterpress Solver-Info.plist */,
				B4E0B6801639028A004E6491 /* InfoPlist.strings */,
				B4E0B6831639028A004E6491 /* main.m */,
				B4E0B6851639028A004E6491 /* Letterpress Solver-Prefix.pch */,
				B4E0B6891639028A004E6491 /* Default.png */,
				B4E0B68B1639028A004E6491 /* Default@2x.png */,
				B4E0B68D1639028A004E6491 /* Default-568h@2x.png */,
			);
			name = "Supporting Files";
			sourceTree = "<group>";
		};
		B4E0B6A41639028A004E6491 /* Letterpress SolverTests */ = {
			isa = PBXGroup;
			children = (
				B4E0B6AA1639028A004E6491 /* Letterpress_SolverTests.h */,
				B4E0B6AB1639028A004E6491 /* Letterpress_SolverTests.m */,
				B4E0B6A51639028A004E6491 /* Supporting Files */,
			);
			path = "Letterpress SolverTests";
			sourceTree = "<group>";
		};
		B4E0B6A51639028A004E6491 /* Supporting Files */ = {
			isa = PBXGroup;
			children = (
				B4E0B6A61639028A004E6491 /* Letterpress SolverTests-Info.plist */,
				B4E0B6A71639028A004E6491 /* InfoPlist.strings */,
			);
			name = "Supporting Files";
			sourceTree = "<group>";
		};
/* End PBXGroup section */

/* Begin PBXNativeTarget section */
		B4E0B6721639028A004E6491 /* Letterpress Solver */ = {
			isa = PBXNativeTarget;
			buildConfigurationList = B4E0B6AF1639028A004E6491 /* Build configuration list for PBXNativeTarget "Letterpress Solver" */;
			buildPhases = (
				B4E0B66F1639028A004E6491 /* Sources */,
				B4E0B6701639028A004E6491 /* Frameworks */,
				B4E0B6711639028A004E6491 /* Resources */,
			);
			buildRules = (
			);
			dependencies = (
			);
			name = "Letterpress Solver";
			productName = "Letterpress Solver";
			productReference = B4E0B6731639028A004E6491 /* Letterpress Solver.app */;
			productType = "com.apple.product-type.application";
		};
		B4E0B69C1639028A004E6491 /* Letterpress SolverTests */ = {
			isa = PBXNativeTarget;
			buildConfigurationList = B4E0B6B21639028A004E6491 /* Build configuration list for PBXNativeTarget "Letterpress SolverTests" */;
			buildPhases = (
				B4E0B6981639028A004E6491 /* Sources */,
				B4E0B6991639028A004E6491 /* Frameworks */,
				B4E0B69A1639028A004E6491 /* Resources */,
				B4E0B69B1639028A004E6491 /* ShellScript */,
			);
			buildRules = (
			);
			dependencies = (
				B4E0B6A31639028A004E6491 /* PBXTargetDependency */,
			);
			name = "Letterpress SolverTests";
			productName = "Letterpress SolverTests";
			productReference = B4E0B69D1639028A004E6491 /* Letterpress SolverTests.octest */;
			productType = "com.apple.product-type.bundle";
		};
/* End PBXNativeTarget section */

/* Begin PBXProject section */
		B4E0B66A1639028A004E6491 /* Project object */ = {
			isa = PBXProject;
			attributes = {
				LastUpgradeCheck = 0450;
				ORGANIZATIONNAME = "Reilly Watson";
			};
			buildConfigurationList = B4E0B66D1639028A004E6491 /* Build configuration list for PBXProject "Letterpress Solver" */;
			compatibilityVersion = "Xcode 3.2";
			developmentRegion = English;
			hasScannedForEncodings = 0;
			knownRegions = (
				en,
			);
			mainGroup = B4E0B6681639028A004E6491;
			productRefGroup = B4E0B6741639028A004E6491 /* Products */;
			projectDirPath = "";
			projectRoot = "";
			targets = (
				B4E0B6721639028A004E6491 /* Letterpress Solver */,
				B4E0B69C1639028A004E6491 /* Letterpress SolverTests */,
			);
		};
/* End PBXProject section */

/* Begin PBXResourcesBuildPhase section */
		B4E0B6711639028A004E6491 /* Resources */ = {
			isa = PBXResourcesBuildPhase;
			buildActionMask = 2147483647;
			files = (
				B4E0B6821639028A004E6491 /* InfoPlist.strings in Resources */,
				B4E0B68A1639028A004E6491 /* Default.png in Resources */,
				B4E0B68C1639028A004E6491 /* Default@2x.png in Resources */,
				B4E0B68E1639028A004E6491 /* Default-568h@2x.png in Resources */,
				B4E0B6911639028A004E6491 /* MainStoryboard_iPhone.storyboard in Resources */,
				B4E0B6941639028A004E6491 /* MainStoryboard_iPad.storyboard in Resources */,
				B4E0B6B6163902DE004E6491 /* words.txt in Resources */,
			);
			runOnlyForDeploymentPostprocessing = 0;
		};
		B4E0B69A1639028A004E6491 /* Resources */ = {
			isa = PBXResourcesBuildPhase;
			buildActionMask = 2147483647;
			files = (
				B4E0B6A91639028A004E6491 /* InfoPlist.strings in Resources */,
			);
			runOnlyForDeploymentPostprocessing = 0;
		};
/* End PBXResourcesBuildPhase section */

/* Begin PBXShellScriptBuildPhase section */
		B4E0B69B1639028A004E6491 /* ShellScript */ = {
			isa = PBXShellScriptBuildPhase;
			buildActionMask = 2147483647;
			files = (
			);
			inputPaths = (
			);
			outputPaths = (
			);
			runOnlyForDeploymentPostprocessing = 0;
			shellPath = /bin/sh;
			shellScript = "# Run the unit tests in this test bundle.\n\"${SYSTEM_DEVELOPER_DIR}/Tools/RunUnitTests\"\n";
		};
/* End PBXShellScriptBuildPhase section */

/* Begin PBXSourcesBuildPhase section */
		B4E0B66F1639028A004E6491 /* Sources */ = {
			isa = PBXSourcesBuildPhase;
			buildActionMask = 2147483647;
			files = (
				B4E0B6841639028A004E6491 /* main.m in Sources */,
				B4E0B6881639028A004E6491 /* AppDelegate.m in Sources */,
				B4E0B6971639028A004E6491 /* ViewController.m in Sources */,
				B4E0B6BB16391257004E6491 /* ManualEntryViewController.m in Sources */,
				B4E0B6BE16399976004E6491 /* Evaluator.mm in Sources */,
				B4E0B6C1163999B4004E6491 /* Board.m in Sources */,
				B4E0B6C5163A1F30004E6491 /* BoardView.m in Sources */,
			);
			runOnlyForDeploymentPostprocessing = 0;
		};
		B4E0B6981639028A004E6491 /* Sources */ = {
			isa = PBXSourcesBuildPhase;
			buildActionMask = 2147483647;
			files = (
				B4E0B6AC1639028A004E6491 /* Letterpress_SolverTests.m in Sources */,
			);
			runOnlyForDeploymentPostprocessing = 0;
		};
/* End PBXSourcesBuildPhase section */

/* Begin PBXTargetDependency section */
		B4E0B6A31639028A004E6491 /* PBXTargetDependency */ = {
			isa = PBXTargetDependency;
			target = B4E0B6721639028A004E6491 /* Letterpress Solver */;
			targetProxy = B4E0B6A21639028A004E6491 /* PBXContainerItemProxy */;
		};
/* End PBXTargetDependency section */

/* Begin PBXVariantGroup section */
		B4E0B6801639028A004E6491 /* InfoPlist.strings */ = {
			isa = PBXVariantGroup;
			children = (
				B4E0B6811639028A004E6491 /* en */,
			);
			name = InfoPlist.strings;
			sourceTree = "<group>";
		};
		B4E0B68F1639028A004E6491 /* MainStoryboard_iPhone.storyboard */ = {
			isa = PBXVariantGroup;
			children = (
				B4E0B6901639028A004E6491 /* en */,
			);
			name = MainStoryboard_iPhone.storyboard;
			sourceTree = "<group>";
		};
		B4E0B6921639028A004E6491 /* MainStoryboard_iPad.storyboard */ = {
			isa = PBXVariantGroup;
			children = (
				B4E0B6931639028A004E6491 /* en */,
			);
			name = MainStoryboard_iPad.storyboard;
			sourceTree = "<group>";
		};
		B4E0B6A71639028A004E6491 /* InfoPlist.strings */ = {
			isa = PBXVariantGroup;
			children = (
				B4E0B6A81639028A004E6491 /* en */,
			);
			name = InfoPlist.strings;
			sourceTree = "<group>";
		};
/* End PBXVariantGroup section */

/* Begin XCBuildConfiguration section */
		B4E0B6AD1639028A004E6491 /* Debug */ = {
			isa = XCBuildConfiguration;
			buildSettings = {
				ALWAYS_SEARCH_USER_PATHS = NO;
				CLANG_CXX_LANGUAGE_STANDARD = "gnu++0x";
				CLANG_CXX_LIBRARY = "libc++";
				CLANG_ENABLE_OBJC_ARC = YES;
				CLANG_WARN_EMPTY_BODY = YES;
				CLANG_WARN__DUPLICATE_METHOD_MATCH = YES;
				"CODE_SIGN_IDENTITY[sdk=iphoneos*]" = "iPhone Developer";
				COPY_PHASE_STRIP = NO;
				GCC_C_LANGUAGE_STANDARD = gnu99;
				GCC_DYNAMIC_NO_PIC = NO;
				GCC_OPTIMIZATION_LEVEL = 0;
				GCC_PREPROCESSOR_DEFINITIONS = (
					"DEBUG=1",
					"$(inherited)",
				);
				GCC_SYMBOLS_PRIVATE_EXTERN = NO;
				GCC_WARN_ABOUT_RETURN_TYPE = YES;
				GCC_WARN_UNINITIALIZED_AUTOS = YES;
				GCC_WARN_UNUSED_VARIABLE = YES;
				IPHONEOS_DEPLOYMENT_TARGET = 6.0;
				ONLY_ACTIVE_ARCH = YES;
				SDKROOT = iphoneos;
				TARGETED_DEVICE_FAMILY = "1,2";
			};
			name = Debug;
		};
		B4E0B6AE1639028A004E6491 /* Release */ = {
			isa = XCBuildConfiguration;
			buildSettings = {
				ALWAYS_SEARCH_USER_PATHS = NO;
				CLANG_CXX_LANGUAGE_STANDARD = "gnu++0x";
				CLANG_CXX_LIBRARY = "libc++";
				CLANG_ENABLE_OBJC_ARC = YES;
				CLANG_WARN_EMPTY_BODY = YES;
				CLANG_WARN__DUPLICATE_METHOD_MATCH = YES;
				"CODE_SIGN_IDENTITY[sdk=iphoneos*]" = "iPhone Developer";
				COPY_PHASE_STRIP = YES;
				GCC_C_LANGUAGE_STANDARD = gnu99;
				GCC_WARN_ABOUT_RETURN_TYPE = YES;
				GCC_WARN_UNINITIALIZED_AUTOS = YES;
				GCC_WARN_UNUSED_VARIABLE = YES;
				IPHONEOS_DEPLOYMENT_TARGET = 6.0;
				OTHER_CFLAGS = "-DNS_BLOCK_ASSERTIONS=1";
				SDKROOT = iphoneos;
				TARGETED_DEVICE_FAMILY = "1,2";
				VALIDATE_PRODUCT = YES;
			};
			name = Release;
		};
		B4E0B6B01639028A004E6491 /* Debug */ = {
			isa = XCBuildConfiguration;
			buildSettings = {
				GCC_PRECOMPILE_PREFIX_HEADER = YES;
				GCC_PREFIX_HEADER = "Letterpress Solver/Letterpress Solver-Prefix.pch";
				INFOPLIST_FILE = "Letterpress Solver/Letterpress Solver-Info.plist";
				PRODUCT_NAME = "$(TARGET_NAME)";
				WRAPPER_EXTENSION = app;
			};
			name = Debug;
		};
		B4E0B6B11639028A004E6491 /* Release */ = {
			isa = XCBuildConfiguration;
			buildSettings = {
				GCC_PRECOMPILE_PREFIX_HEADER = YES;
				GCC_PREFIX_HEADER = "Letterpress Solver/Letterpress Solver-Prefix.pch";
				INFOPLIST_FILE = "Letterpress Solver/Letterpress Solver-Info.plist";
				PRODUCT_NAME = "$(TARGET_NAME)";
				WRAPPER_EXTENSION = app;
			};
			name = Release;
		};
		B4E0B6B31639028A004E6491 /* Debug */ = {
			isa = XCBuildConfiguration;
			buildSettings = {
				BUNDLE_LOADER = "$(BUILT_PRODUCTS_DIR)/Letterpress Solver.app/Letterpress Solver";
				FRAMEWORK_SEARCH_PATHS = (
					"\"$(SDKROOT)/Developer/Library/Frameworks\"",
					"\"$(DEVELOPER_LIBRARY_DIR)/Frameworks\"",
				);
				GCC_PRECOMPILE_PREFIX_HEADER = YES;
				GCC_PREFIX_HEADER = "Letterpress Solver/Letterpress Solver-Prefix.pch";
				INFOPLIST_FILE = "Letterpress SolverTests/Letterpress SolverTests-Info.plist";
				PRODUCT_NAME = "$(TARGET_NAME)";
				TEST_HOST = "$(BUNDLE_LOADER)";
				WRAPPER_EXTENSION = octest;
			};
			name = Debug;
		};
		B4E0B6B41639028A004E6491 /* Release */ = {
			isa = XCBuildConfiguration;
			buildSettings = {
				BUNDLE_LOADER = "$(BUILT_PRODUCTS_DIR)/Letterpress Solver.app/Letterpress Solver";
				FRAMEWORK_SEARCH_PATHS = (
					"\"$(SDKROOT)/Developer/Library/Frameworks\"",
					"\"$(DEVELOPER_LIBRARY_DIR)/Frameworks\"",
				);
				GCC_PRECOMPILE_PREFIX_HEADER = YES;
				GCC_PREFIX_HEADER = "Letterpress Solver/Letterpress Solver-Prefix.pch";
				INFOPLIST_FILE = "Letterpress SolverTests/Letterpress SolverTests-Info.plist";
				PRODUCT_NAME = "$(TARGET_NAME)";
				TEST_HOST = "$(BUNDLE_LOADER)";
				WRAPPER_EXTENSION = octest;
			};
			name = Release;
		};
/* End XCBuildConfiguration section */

/* Begin XCConfigurationList section */
		B4E0B66D1639028A004E6491 /* Build configuration list for PBXProject "Letterpress Solver" */ = {
			isa = XCConfigurationList;
			buildConfigurations = (
				B4E0B6AD1639028A004E6491 /* Debug */,
				B4E0B6AE1639028A004E6491 /* Release */,
			);
			defaultConfigurationIsVisible = 0;
			defaultConfigurationName = Release;
		};
		B4E0B6AF1639028A004E6491 /* Build configuration list for PBXNativeTarget "Letterpress Solver" */ = {
			isa = XCConfigurationList;
			buildConfigurations = (
				B4E0B6B01639028A004E6491 /* Debug */,
				B4E0B6B11639028A004E6491 /* Release */,
			);
			defaultConfigurationIsVisible = 0;
		};
		B4E0B6B21639028A004E6491 /* Build configuration list for PBXNativeTarget "Letterpress SolverTests" */ = {
			isa = XCConfigurationList;
			buildConfigurations = (
				B4E0B6B31639028A004E6491 /* Debug */,
				B4E0B6B41639028A004E6491 /* Release */,
			);
			defaultConfigurationIsVisible = 0;
		};
/* End XCConfigurationList section */
	};
	rootObject = B4E0B66A1639028A004E6491 /* Project object */;
}
