// !$*UTF8*$!
{
	archiveVersion = 1;
	classes = {
	};
	objectVersion = 45;
	objects = {

/* Begin PBXBuildFile section */
		1D3623260D0F684500981E51 /* GreyhoundAppDelegate.m in Sources */ = {isa = PBXBuildFile; fileRef = 1D3623250D0F684500981E51 /* GreyhoundAppDelegate.m */; };
		1D60589B0D05DD56006BFB54 /* main.m in Sources */ = {isa = PBXBuildFile; fileRef = 29B97316FDCFA39411CA2CEA /* main.m */; };
		1D60589F0D05DD5A006BFB54 /* Foundation.framework in Frameworks */ = {isa = PBXBuildFile; fileRef = 1D30AB110D05D00D00671497 /* Foundation.framework */; };
		1DF5F4E00D08C38300B7A737 /* UIKit.framework in Frameworks */ = {isa = PBXBuildFile; fileRef = 1DF5F4DF0D08C38300B7A737 /* UIKit.framework */; };
		2892E4100DC94CBA00A64D0F /* CoreGraphics.framework in Frameworks */ = {isa = PBXBuildFile; fileRef = 2892E40F0DC94CBA00A64D0F /* CoreGraphics.framework */; };
		28AD73600D9D9599002E5188 /* MainWindow.xib in Resources */ = {isa = PBXBuildFile; fileRef = 28AD735F0D9D9599002E5188 /* MainWindow.xib */; };
		28C286E10D94DF7D0034E888 /* RootViewController.m in Sources */ = {isa = PBXBuildFile; fileRef = 28C286E00D94DF7D0034E888 /* RootViewController.m */; };
		28F335F11007B36200424DE2 /* RootViewController.xib in Resources */ = {isa = PBXBuildFile; fileRef = 28F335F01007B36200424DE2 /* RootViewController.xib */; };
		B4333C8312EAC1ED0065621E /* LocationsDataRetrievalOperation.m in Sources */ = {isa = PBXBuildFile; fileRef = B4333C7E12EAC1ED0065621E /* LocationsDataRetrievalOperation.m */; };
		B4333C8412EAC1ED0065621E /* ScheduleConfirmOperation.m in Sources */ = {isa = PBXBuildFile; fileRef = B4333C8012EAC1ED0065621E /* ScheduleConfirmOperation.m */; };
		B4333C9912EAC2460065621E /* NSObject+SBJSON.m in Sources */ = {isa = PBXBuildFile; fileRef = B4333C8E12EAC2460065621E /* NSObject+SBJSON.m */; };
		B4333C9A12EAC2460065621E /* NSString+SBJSON.m in Sources */ = {isa = PBXBuildFile; fileRef = B4333C9012EAC2460065621E /* NSString+SBJSON.m */; };
		B4333C9B12EAC2460065621E /* SBJSON.m in Sources */ = {isa = PBXBuildFile; fileRef = B4333C9212EAC2460065621E /* SBJSON.m */; };
		B4333C9C12EAC2460065621E /* SBJsonBase.m in Sources */ = {isa = PBXBuildFile; fileRef = B4333C9412EAC2460065621E /* SBJsonBase.m */; };
		B4333C9D12EAC2460065621E /* SBJsonParser.m in Sources */ = {isa = PBXBuildFile; fileRef = B4333C9612EAC2460065621E /* SBJsonParser.m */; };
		B4333C9E12EAC2460065621E /* SBJsonWriter.m in Sources */ = {isa = PBXBuildFile; fileRef = B4333C9812EAC2460065621E /* SBJsonWriter.m */; };
		B45331C012EAC92F00BCBC15 /* Location.m in Sources */ = {isa = PBXBuildFile; fileRef = B45331BF12EAC92F00BCBC15 /* Location.m */; };
		B45332C712EAD55500BCBC15 /* ScheduleViewController.m in Sources */ = {isa = PBXBuildFile; fileRef = B45332C512EAD55500BCBC15 /* ScheduleViewController.m */; };
		B45332C812EAD55500BCBC15 /* ScheduleViewController.xib in Resources */ = {isa = PBXBuildFile; fileRef = B45332C612EAD55500BCBC15 /* ScheduleViewController.xib */; };
		B453343012EAE4D200BCBC15 /* Schedule.m in Sources */ = {isa = PBXBuildFile; fileRef = B453342F12EAE4D200BCBC15 /* Schedule.m */; };
		B45334D912EAEC3800BCBC15 /* icon.png in Resources */ = {isa = PBXBuildFile; fileRef = B45334D812EAEC3800BCBC15 /* icon.png */; };
		B453360A12EB634700BCBC15 /* DatePickController.m in Sources */ = {isa = PBXBuildFile; fileRef = B453360812EB634700BCBC15 /* DatePickController.m */; };
		B453360B12EB634700BCBC15 /* DatePickController.xib in Resources */ = {isa = PBXBuildFile; fileRef = B453360912EB634700BCBC15 /* DatePickController.xib */; };
		B45336D312EBA0E500BCBC15 /* ScheduleDetailsOperation.m in Sources */ = {isa = PBXBuildFile; fileRef = B45336D212EBA0E500BCBC15 /* ScheduleDetailsOperation.m */; };
		B4C39F9912ECC3010058CE57 /* ScheduleDetails.m in Sources */ = {isa = PBXBuildFile; fileRef = B4C39F9812ECC3010058CE57 /* ScheduleDetails.m */; };
		B4C3A05D12ED55410058CE57 /* DetailsViewController.m in Sources */ = {isa = PBXBuildFile; fileRef = B4C3A05B12ED55410058CE57 /* DetailsViewController.m */; };
		B4C3A05E12ED55410058CE57 /* DetailsViewController.xib in Resources */ = {isa = PBXBuildFile; fileRef = B4C3A05C12ED55410058CE57 /* DetailsViewController.xib */; };
		B4DA181F16270A6000CD02AF /* Default-568h@2x.png in Resources */ = {isa = PBXBuildFile; fileRef = B4DA181E16270A6000CD02AF /* Default-568h@2x.png */; };
		B4F1585E12EE9E4D006F875B /* URLResolver.m in Sources */ = {isa = PBXBuildFile; fileRef = B4F1585D12EE9E4D006F875B /* URLResolver.m */; };
/* End PBXBuildFile section */

/* Begin PBXFileReference section */
		1D30AB110D05D00D00671497 /* Foundation.framework */ = {isa = PBXFileReference; lastKnownFileType = wrapper.framework; name = Foundation.framework; path = System/Library/Frameworks/Foundation.framework; sourceTree = SDKROOT; };
		1D3623240D0F684500981E51 /* GreyhoundAppDelegate.h */ = {isa = PBXFileReference; fileEncoding = 4; lastKnownFileType = sourcecode.c.h; path = GreyhoundAppDelegate.h; sourceTree = "<group>"; };
		1D3623250D0F684500981E51 /* GreyhoundAppDelegate.m */ = {isa = PBXFileReference; fileEncoding = 4; lastKnownFileType = sourcecode.c.objc; path = GreyhoundAppDelegate.m; sourceTree = "<group>"; };
		1D6058910D05DD3D006BFB54 /* Greyhound.app */ = {isa = PBXFileReference; explicitFileType = wrapper.application; includeInIndex = 0; path = Greyhound.app; sourceTree = BUILT_PRODUCTS_DIR; };
		1DF5F4DF0D08C38300B7A737 /* UIKit.framework */ = {isa = PBXFileReference; lastKnownFileType = wrapper.framework; name = UIKit.framework; path = System/Library/Frameworks/UIKit.framework; sourceTree = SDKROOT; };
		2892E40F0DC94CBA00A64D0F /* CoreGraphics.framework */ = {isa = PBXFileReference; lastKnownFileType = wrapper.framework; name = CoreGraphics.framework; path = System/Library/Frameworks/CoreGraphics.framework; sourceTree = SDKROOT; };
		28A0AAE50D9B0CCF005BE974 /* Greyhound_Prefix.pch */ = {isa = PBXFileReference; fileEncoding = 4; lastKnownFileType = sourcecode.c.h; path = Greyhound_Prefix.pch; sourceTree = "<group>"; };
		28AD735F0D9D9599002E5188 /* MainWindow.xib */ = {isa = PBXFileReference; lastKnownFileType = file.xib; path = MainWindow.xib; sourceTree = "<group>"; };
		28C286DF0D94DF7D0034E888 /* RootViewController.h */ = {isa = PBXFileReference; fileEncoding = 4; lastKnownFileType = sourcecode.c.h; path = RootViewController.h; sourceTree = "<group>"; };
		28C286E00D94DF7D0034E888 /* RootViewController.m */ = {isa = PBXFileReference; fileEncoding = 4; lastKnownFileType = sourcecode.c.objc; path = RootViewController.m; sourceTree = "<group>"; };
		28F335F01007B36200424DE2 /* RootViewController.xib */ = {isa = PBXFileReference; lastKnownFileType = file.xib; path = RootViewController.xib; sourceTree = "<group>"; };
		29B97316FDCFA39411CA2CEA /* main.m */ = {isa = PBXFileReference; fileEncoding = 4; lastKnownFileType = sourcecode.c.objc; path = main.m; sourceTree = "<group>"; };
		8D1107310486CEB800E47090 /* Greyhound-Info.plist */ = {isa = PBXFileReference; fileEncoding = 4; lastKnownFileType = text.plist.xml; path = "Greyhound-Info.plist"; plistStructureDefinitionIdentifier = "com.apple.xcode.plist.structure-definition.iphone.info-plist"; sourceTree = "<group>"; };
		B4333C7D12EAC1ED0065621E /* LocationsDataRetrievalOperation.h */ = {isa = PBXFileReference; fileEncoding = 4; lastKnownFileType = sourcecode.c.h; path = LocationsDataRetrievalOperation.h; sourceTree = "<group>"; };
		B4333C7E12EAC1ED0065621E /* LocationsDataRetrievalOperation.m */ = {isa = PBXFileReference; fileEncoding = 4; lastKnownFileType = sourcecode.c.objc; path = LocationsDataRetrievalOperation.m; sourceTree = "<group>"; };
		B4333C7F12EAC1ED0065621E /* ScheduleConfirmOperation.h */ = {isa = PBXFileReference; fileEncoding = 4; lastKnownFileType = sourcecode.c.h; path = ScheduleConfirmOperation.h; sourceTree = "<group>"; };
		B4333C8012EAC1ED0065621E /* ScheduleConfirmOperation.m */ = {isa = PBXFileReference; fileEncoding = 4; lastKnownFileType = sourcecode.c.objc; path = ScheduleConfirmOperation.m; sourceTree = "<group>"; };
		B4333C8C12EAC2460065621E /* JSON.h */ = {isa = PBXFileReference; fileEncoding = 4; lastKnownFileType = sourcecode.c.h; path = JSON.h; sourceTree = "<group>"; };
		B4333C8D12EAC2460065621E /* NSObject+SBJSON.h */ = {isa = PBXFileReference; fileEncoding = 4; lastKnownFileType = sourcecode.c.h; path = "NSObject+SBJSON.h"; sourceTree = "<group>"; };
		B4333C8E12EAC2460065621E /* NSObject+SBJSON.m */ = {isa = PBXFileReference; fileEncoding = 4; lastKnownFileType = sourcecode.c.objc; path = "NSObject+SBJSON.m"; sourceTree = "<group>"; };
		B4333C8F12EAC2460065621E /* NSString+SBJSON.h */ = {isa = PBXFileReference; fileEncoding = 4; lastKnownFileType = sourcecode.c.h; path = "NSString+SBJSON.h"; sourceTree = "<group>"; };
		B4333C9012EAC2460065621E /* NSString+SBJSON.m */ = {isa = PBXFileReference; fileEncoding = 4; lastKnownFileType = sourcecode.c.objc; path = "NSString+SBJSON.m"; sourceTree = "<group>"; };
		B4333C9112EAC2460065621E /* SBJSON.h */ = {isa = PBXFileReference; fileEncoding = 4; lastKnownFileType = sourcecode.c.h; path = SBJSON.h; sourceTree = "<group>"; };
		B4333C9212EAC2460065621E /* SBJSON.m */ = {isa = PBXFileReference; fileEncoding = 4; lastKnownFileType = sourcecode.c.objc; path = SBJSON.m; sourceTree = "<group>"; };
		B4333C9312EAC2460065621E /* SBJsonBase.h */ = {isa = PBXFileReference; fileEncoding = 4; lastKnownFileType = sourcecode.c.h; path = SBJsonBase.h; sourceTree = "<group>"; };
		B4333C9412EAC2460065621E /* SBJsonBase.m */ = {isa = PBXFileReference; fileEncoding = 4; lastKnownFileType = sourcecode.c.objc; path = SBJsonBase.m; sourceTree = "<group>"; };
		B4333C9512EAC2460065621E /* SBJsonParser.h */ = {isa = PBXFileReference; fileEncoding = 4; lastKnownFileType = sourcecode.c.h; path = SBJsonParser.h; sourceTree = "<group>"; };
		B4333C9612EAC2460065621E /* SBJsonParser.m */ = {isa = PBXFileReference; fileEncoding = 4; lastKnownFileType = sourcecode.c.objc; path = SBJsonParser.m; sourceTree = "<group>"; };
		B4333C9712EAC2460065621E /* SBJsonWriter.h */ = {isa = PBXFileReference; fileEncoding = 4; lastKnownFileType = sourcecode.c.h; path = SBJsonWriter.h; sourceTree = "<group>"; };
		B4333C9812EAC2460065621E /* SBJsonWriter.m */ = {isa = PBXFileReference; fileEncoding = 4; lastKnownFileType = sourcecode.c.objc; path = SBJsonWriter.m; sourceTree = "<group>"; };
		B45331BE12EAC92F00BCBC15 /* Location.h */ = {isa = PBXFileReference; fileEncoding = 4; lastKnownFileType = sourcecode.c.h; path = Location.h; sourceTree = "<group>"; };
		B45331BF12EAC92F00BCBC15 /* Location.m */ = {isa = PBXFileReference; fileEncoding = 4; lastKnownFileType = sourcecode.c.objc; path = Location.m; sourceTree = "<group>"; };
		B45332C412EAD55500BCBC15 /* ScheduleViewController.h */ = {isa = PBXFileReference; fileEncoding = 4; lastKnownFileType = sourcecode.c.h; path = ScheduleViewController.h; sourceTree = "<group>"; };
		B45332C512EAD55500BCBC15 /* ScheduleViewController.m */ = {isa = PBXFileReference; fileEncoding = 4; lastKnownFileType = sourcecode.c.objc; path = ScheduleViewController.m; sourceTree = "<group>"; };
		B45332C612EAD55500BCBC15 /* ScheduleViewController.xib */ = {isa = PBXFileReference; lastKnownFileType = file.xib; path = ScheduleViewController.xib; sourceTree = "<group>"; };
		B453342E12EAE4D200BCBC15 /* Schedule.h */ = {isa = PBXFileReference; fileEncoding = 4; lastKnownFileType = sourcecode.c.h; path = Schedule.h; sourceTree = "<group>"; };
		B453342F12EAE4D200BCBC15 /* Schedule.m */ = {isa = PBXFileReference; fileEncoding = 4; lastKnownFileType = sourcecode.c.objc; path = Schedule.m; sourceTree = "<group>"; };
		B45334D812EAEC3800BCBC15 /* icon.png */ = {isa = PBXFileReference; lastKnownFileType = image.png; path = icon.png; sourceTree = "<group>"; };
		B453360712EB634700BCBC15 /* DatePickController.h */ = {isa = PBXFileReference; fileEncoding = 4; lastKnownFileType = sourcecode.c.h; path = DatePickController.h; sourceTree = "<group>"; };
		B453360812EB634700BCBC15 /* DatePickController.m */ = {isa = PBXFileReference; fileEncoding = 4; lastKnownFileType = sourcecode.c.objc; path = DatePickController.m; sourceTree = "<group>"; };
		B453360912EB634700BCBC15 /* DatePickController.xib */ = {isa = PBXFileReference; lastKnownFileType = file.xib; path = DatePickController.xib; sourceTree = "<group>"; };
		B45336D112EBA0E500BCBC15 /* ScheduleDetailsOperation.h */ = {isa = PBXFileReference; fileEncoding = 4; lastKnownFileType = sourcecode.c.h; path = ScheduleDetailsOperation.h; sourceTree = "<group>"; };
		B45336D212EBA0E500BCBC15 /* ScheduleDetailsOperation.m */ = {isa = PBXFileReference; fileEncoding = 4; lastKnownFileType = sourcecode.c.objc; path = ScheduleDetailsOperation.m; sourceTree = "<group>"; };
		B4C39F9712ECC3010058CE57 /* ScheduleDetails.h */ = {isa = PBXFileReference; fileEncoding = 4; lastKnownFileType = sourcecode.c.h; path = ScheduleDetails.h; sourceTree = "<group>"; };
		B4C39F9812ECC3010058CE57 /* ScheduleDetails.m */ = {isa = PBXFileReference; fileEncoding = 4; lastKnownFileType = sourcecode.c.objc; path = ScheduleDetails.m; sourceTree = "<group>"; };
		B4C3A05A12ED55410058CE57 /* DetailsViewController.h */ = {isa = PBXFileReference; fileEncoding = 4; lastKnownFileType = sourcecode.c.h; path = DetailsViewController.h; sourceTree = "<group>"; };
		B4C3A05B12ED55410058CE57 /* DetailsViewController.m */ = {isa = PBXFileReference; fileEncoding = 4; lastKnownFileType = sourcecode.c.objc; path = DetailsViewController.m; sourceTree = "<group>"; };
		B4C3A05C12ED55410058CE57 /* DetailsViewController.xib */ = {isa = PBXFileReference; lastKnownFileType = file.xib; path = DetailsViewController.xib; sourceTree = "<group>"; };
		B4DA181E16270A6000CD02AF /* Default-568h@2x.png */ = {isa = PBXFileReference; lastKnownFileType = image.png; path = "Default-568h@2x.png"; sourceTree = "<group>"; };
		B4F1585C12EE9E4D006F875B /* URLResolver.h */ = {isa = PBXFileReference; fileEncoding = 4; lastKnownFileType = sourcecode.c.h; path = URLResolver.h; sourceTree = "<group>"; };
		B4F1585D12EE9E4D006F875B /* URLResolver.m */ = {isa = PBXFileReference; fileEncoding = 4; lastKnownFileType = sourcecode.c.objc; path = URLResolver.m; sourceTree = "<group>"; };
/* End PBXFileReference section */

/* Begin PBXFrameworksBuildPhase section */
		1D60588F0D05DD3D006BFB54 /* Frameworks */ = {
			isa = PBXFrameworksBuildPhase;
			buildActionMask = 2147483647;
			files = (
				1D60589F0D05DD5A006BFB54 /* Foundation.framework in Frameworks */,
				1DF5F4E00D08C38300B7A737 /* UIKit.framework in Frameworks */,
				2892E4100DC94CBA00A64D0F /* CoreGraphics.framework in Frameworks */,
			);
			runOnlyForDeploymentPostprocessing = 0;
		};
/* End PBXFrameworksBuildPhase section */

/* Begin PBXGroup section */
		080E96DDFE201D6D7F000001 /* Classes */ = {
			isa = PBXGroup;
			children = (
				B4F1585C12EE9E4D006F875B /* URLResolver.h */,
				B4F1585D12EE9E4D006F875B /* URLResolver.m */,
				B4C39F9712ECC3010058CE57 /* ScheduleDetails.h */,
				B4C39F9812ECC3010058CE57 /* ScheduleDetails.m */,
				B45336D112EBA0E500BCBC15 /* ScheduleDetailsOperation.h */,
				B45336D212EBA0E500BCBC15 /* ScheduleDetailsOperation.m */,
				B453342E12EAE4D200BCBC15 /* Schedule.h */,
				B453342F12EAE4D200BCBC15 /* Schedule.m */,
				B45332C412EAD55500BCBC15 /* ScheduleViewController.h */,
				B45332C512EAD55500BCBC15 /* ScheduleViewController.m */,
				B45332C612EAD55500BCBC15 /* ScheduleViewController.xib */,
				B4333C7D12EAC1ED0065621E /* LocationsDataRetrievalOperation.h */,
				B4333C7E12EAC1ED0065621E /* LocationsDataRetrievalOperation.m */,
				B4333C7F12EAC1ED0065621E /* ScheduleConfirmOperation.h */,
				B4333C8012EAC1ED0065621E /* ScheduleConfirmOperation.m */,
				28C286DF0D94DF7D0034E888 /* RootViewController.h */,
				28C286E00D94DF7D0034E888 /* RootViewController.m */,
				1D3623240D0F684500981E51 /* GreyhoundAppDelegate.h */,
				1D3623250D0F684500981E51 /* GreyhoundAppDelegate.m */,
				B45331BE12EAC92F00BCBC15 /* Location.h */,
				B45331BF12EAC92F00BCBC15 /* Location.m */,
				B453360712EB634700BCBC15 /* DatePickController.h */,
				B453360812EB634700BCBC15 /* DatePickController.m */,
				B453360912EB634700BCBC15 /* DatePickController.xib */,
				B4C3A05A12ED55410058CE57 /* DetailsViewController.h */,
				B4C3A05B12ED55410058CE57 /* DetailsViewController.m */,
				B4C3A05C12ED55410058CE57 /* DetailsViewController.xib */,
			);
			path = Classes;
			sourceTree = "<group>";
		};
		19C28FACFE9D520D11CA2CBB /* Products */ = {
			isa = PBXGroup;
			children = (
				1D6058910D05DD3D006BFB54 /* Greyhound.app */,
			);
			name = Products;
			sourceTree = "<group>";
		};
		29B97314FDCFA39411CA2CEA /* CustomTemplate */ = {
			isa = PBXGroup;
			children = (
				B4DA181E16270A6000CD02AF /* Default-568h@2x.png */,
				080E96DDFE201D6D7F000001 /* Classes */,
				29B97315FDCFA39411CA2CEA /* Other Sources */,
				29B97317FDCFA39411CA2CEA /* Resources */,
				29B97323FDCFA39411CA2CEA /* Frameworks */,
				19C28FACFE9D520D11CA2CBB /* Products */,
			);
			name = CustomTemplate;
			sourceTree = "<group>";
		};
		29B97315FDCFA39411CA2CEA /* Other Sources */ = {
			isa = PBXGroup;
			children = (
				B4333C8B12EAC2460065621E /* JSON */,
				28A0AAE50D9B0CCF005BE974 /* Greyhound_Prefix.pch */,
				29B97316FDCFA39411CA2CEA /* main.m */,
			);
			name = "Other Sources";
			sourceTree = "<group>";
		};
		29B97317FDCFA39411CA2CEA /* Resources */ = {
			isa = PBXGroup;
			children = (
				B45334D812EAEC3800BCBC15 /* icon.png */,
				28F335F01007B36200424DE2 /* RootViewController.xib */,
				28AD735F0D9D9599002E5188 /* MainWindow.xib */,
				8D1107310486CEB800E47090 /* Greyhound-Info.plist */,
			);
			name = Resources;
			sourceTree = "<group>";
		};
		29B97323FDCFA39411CA2CEA /* Frameworks */ = {
			isa = PBXGroup;
			children = (
				1DF5F4DF0D08C38300B7A737 /* UIKit.framework */,
				1D30AB110D05D00D00671497 /* Foundation.framework */,
				2892E40F0DC94CBA00A64D0F /* CoreGraphics.framework */,
			);
			name = Frameworks;
			sourceTree = "<group>";
		};
		B4333C8B12EAC2460065621E /* JSON */ = {
			isa = PBXGroup;
			children = (
				B4333C8C12EAC2460065621E /* JSON.h */,
				B4333C8D12EAC2460065621E /* NSObject+SBJSON.h */,
				B4333C8E12EAC2460065621E /* NSObject+SBJSON.m */,
				B4333C8F12EAC2460065621E /* NSString+SBJSON.h */,
				B4333C9012EAC2460065621E /* NSString+SBJSON.m */,
				B4333C9112EAC2460065621E /* SBJSON.h */,
				B4333C9212EAC2460065621E /* SBJSON.m */,
				B4333C9312EAC2460065621E /* SBJsonBase.h */,
				B4333C9412EAC2460065621E /* SBJsonBase.m */,
				B4333C9512EAC2460065621E /* SBJsonParser.h */,
				B4333C9612EAC2460065621E /* SBJsonParser.m */,
				B4333C9712EAC2460065621E /* SBJsonWriter.h */,
				B4333C9812EAC2460065621E /* SBJsonWriter.m */,
			);
			path = JSON;
			sourceTree = "<group>";
		};
/* End PBXGroup section */

/* Begin PBXNativeTarget section */
		1D6058900D05DD3D006BFB54 /* Greyhound */ = {
			isa = PBXNativeTarget;
			buildConfigurationList = 1D6058960D05DD3E006BFB54 /* Build configuration list for PBXNativeTarget "Greyhound" */;
			buildPhases = (
				1D60588D0D05DD3D006BFB54 /* Resources */,
				1D60588E0D05DD3D006BFB54 /* Sources */,
				1D60588F0D05DD3D006BFB54 /* Frameworks */,
			);
			buildRules = (
			);
			dependencies = (
			);
			name = Greyhound;
			productName = Greyhound;
			productReference = 1D6058910D05DD3D006BFB54 /* Greyhound.app */;
			productType = "com.apple.product-type.application";
		};
/* End PBXNativeTarget section */

/* Begin PBXProject section */
		29B97313FDCFA39411CA2CEA /* Project object */ = {
			isa = PBXProject;
			buildConfigurationList = C01FCF4E08A954540054247B /* Build configuration list for PBXProject "Greyhound" */;
			compatibilityVersion = "Xcode 3.1";
			developmentRegion = English;
			hasScannedForEncodings = 1;
			knownRegions = (
				English,
				Japanese,
				French,
				German,
				en,
			);
			mainGroup = 29B97314FDCFA39411CA2CEA /* CustomTemplate */;
			projectDirPath = "";
			projectRoot = "";
			targets = (
				1D6058900D05DD3D006BFB54 /* Greyhound */,
			);
		};
/* End PBXProject section */

/* Begin PBXResourcesBuildPhase section */
		1D60588D0D05DD3D006BFB54 /* Resources */ = {
			isa = PBXResourcesBuildPhase;
			buildActionMask = 2147483647;
			files = (
				28AD73600D9D9599002E5188 /* MainWindow.xib in Resources */,
				28F335F11007B36200424DE2 /* RootViewController.xib in Resources */,
				B45332C812EAD55500BCBC15 /* ScheduleViewController.xib in Resources */,
				B45334D912EAEC3800BCBC15 /* icon.png in Resources */,
				B453360B12EB634700BCBC15 /* DatePickController.xib in Resources */,
				B4C3A05E12ED55410058CE57 /* DetailsViewController.xib in Resources */,
				B4DA181F16270A6000CD02AF /* Default-568h@2x.png in Resources */,
			);
			runOnlyForDeploymentPostprocessing = 0;
		};
/* End PBXResourcesBuildPhase section */

/* Begin PBXSourcesBuildPhase section */
		1D60588E0D05DD3D006BFB54 /* Sources */ = {
			isa = PBXSourcesBuildPhase;
			buildActionMask = 2147483647;
			files = (
				1D60589B0D05DD56006BFB54 /* main.m in Sources */,
				1D3623260D0F684500981E51 /* GreyhoundAppDelegate.m in Sources */,
				28C286E10D94DF7D0034E888 /* RootViewController.m in Sources */,
				B4333C8312EAC1ED0065621E /* LocationsDataRetrievalOperation.m in Sources */,
				B4333C8412EAC1ED0065621E /* ScheduleConfirmOperation.m in Sources */,
				B4333C9912EAC2460065621E /* NSObject+SBJSON.m in Sources */,
				B4333C9A12EAC2460065621E /* NSString+SBJSON.m in Sources */,
				B4333C9B12EAC2460065621E /* SBJSON.m in Sources */,
				B4333C9C12EAC2460065621E /* SBJsonBase.m in Sources */,
				B4333C9D12EAC2460065621E /* SBJsonParser.m in Sources */,
				B4333C9E12EAC2460065621E /* SBJsonWriter.m in Sources */,
				B45331C012EAC92F00BCBC15 /* Location.m in Sources */,
				B45332C712EAD55500BCBC15 /* ScheduleViewController.m in Sources */,
				B453343012EAE4D200BCBC15 /* Schedule.m in Sources */,
				B453360A12EB634700BCBC15 /* DatePickController.m in Sources */,
				B45336D312EBA0E500BCBC15 /* ScheduleDetailsOperation.m in Sources */,
				B4C39F9912ECC3010058CE57 /* ScheduleDetails.m in Sources */,
				B4C3A05D12ED55410058CE57 /* DetailsViewController.m in Sources */,
				B4F1585E12EE9E4D006F875B /* URLResolver.m in Sources */,
			);
			runOnlyForDeploymentPostprocessing = 0;
		};
/* End PBXSourcesBuildPhase section */

/* Begin XCBuildConfiguration section */
		1D6058940D05DD3E006BFB54 /* Debug */ = {
			isa = XCBuildConfiguration;
			buildSettings = {
				ALWAYS_SEARCH_USER_PATHS = NO;
				"CODE_SIGN_IDENTITY[sdk=iphoneos*]" = "iPhone Developer";
				COPY_PHASE_STRIP = NO;
				GCC_DYNAMIC_NO_PIC = NO;
				GCC_OPTIMIZATION_LEVEL = 0;
				GCC_PRECOMPILE_PREFIX_HEADER = YES;
				GCC_PREFIX_HEADER = Greyhound_Prefix.pch;
				INFOPLIST_FILE = "Greyhound-Info.plist";
				IPHONEOS_DEPLOYMENT_TARGET = 4.3;
				OTHER_LDFLAGS = "-licucore";
				PRODUCT_NAME = Greyhound;
				"PROVISIONING_PROFILE[sdk=iphoneos*]" = "";
			};
			name = Debug;
		};
		1D6058950D05DD3E006BFB54 /* Release */ = {
			isa = XCBuildConfiguration;
			buildSettings = {
				ALWAYS_SEARCH_USER_PATHS = NO;
				"CODE_SIGN_IDENTITY[sdk=iphoneos*]" = "iPhone Developer";
				COPY_PHASE_STRIP = YES;
				GCC_PRECOMPILE_PREFIX_HEADER = YES;
				GCC_PREFIX_HEADER = Greyhound_Prefix.pch;
				INFOPLIST_FILE = "Greyhound-Info.plist";
				IPHONEOS_DEPLOYMENT_TARGET = 4.3;
				PRODUCT_NAME = Greyhound;
				"PROVISIONING_PROFILE[sdk=iphoneos*]" = "";
				VALIDATE_PRODUCT = YES;
			};
			name = Release;
		};
		B4C3A12612ED66600058CE57 /* Distribution */ = {
			isa = XCBuildConfiguration;
			buildSettings = {
				ARCHS = "$(ARCHS_STANDARD_32_BIT)";
				"CODE_SIGN_IDENTITY[sdk=iphoneos*]" = "iPhone Developer";
				GCC_C_LANGUAGE_STANDARD = c99;
				GCC_WARN_ABOUT_RETURN_TYPE = YES;
				GCC_WARN_UNUSED_VARIABLE = YES;
				OTHER_CFLAGS = "-DNS_BLOCK_ASSERTIONS=1";
				PREBINDING = NO;
				"PROVISIONING_PROFILE[sdk=iphoneos*]" = "";
				SDKROOT = iphoneos;
				VALIDATE_PRODUCT = YES;
			};
			name = Distribution;
		};
		B4C3A12712ED66600058CE57 /* Distribution */ = {
			isa = XCBuildConfiguration;
			buildSettings = {
				ALWAYS_SEARCH_USER_PATHS = NO;
				"CODE_SIGN_IDENTITY[sdk=iphoneos*]" = "iPhone Distribution";
				COPY_PHASE_STRIP = YES;
				GCC_PRECOMPILE_PREFIX_HEADER = YES;
				GCC_PREFIX_HEADER = Greyhound_Prefix.pch;
				INFOPLIST_FILE = "Greyhound-Info.plist";
				IPHONEOS_DEPLOYMENT_TARGET = 4.3;
				OTHER_LDFLAGS = "-licucore";
				PRODUCT_NAME = Greyhound;
				"PROVISIONING_PROFILE[sdk=iphoneos*]" = "";
				VALIDATE_PRODUCT = YES;
			};
			name = Distribution;
		};
		C01FCF4F08A954540054247B /* Debug */ = {
			isa = XCBuildConfiguration;
			buildSettings = {
				ARCHS = "$(ARCHS_STANDARD_32_BIT)";
				"CODE_SIGN_IDENTITY[sdk=iphoneos*]" = "iPhone Developer";
				GCC_C_LANGUAGE_STANDARD = c99;
				GCC_WARN_ABOUT_RETURN_TYPE = YES;
				GCC_WARN_UNUSED_VARIABLE = YES;
				PREBINDING = NO;
				"PROVISIONING_PROFILE[sdk=iphoneos*]" = "";
				SDKROOT = iphoneos;
			};
			name = Debug;
		};
		C01FCF5008A954540054247B /* Release */ = {
			isa = XCBuildConfiguration;
			buildSettings = {
				ARCHS = "$(ARCHS_STANDARD_32_BIT)";
				"CODE_SIGN_IDENTITY[sdk=iphoneos*]" = "iPhone Developer";
				GCC_C_LANGUAGE_STANDARD = c99;
				GCC_WARN_ABOUT_RETURN_TYPE = YES;
				GCC_WARN_UNUSED_VARIABLE = YES;
				OTHER_CFLAGS = "-DNS_BLOCK_ASSERTIONS=1";
				PREBINDING = NO;
				"PROVISIONING_PROFILE[sdk=iphoneos*]" = "";
				SDKROOT = iphoneos;
			};
			name = Release;
		};
/* End XCBuildConfiguration section */

/* Begin XCConfigurationList section */
		1D6058960D05DD3E006BFB54 /* Build configuration list for PBXNativeTarget "Greyhound" */ = {
			isa = XCConfigurationList;
			buildConfigurations = (
				1D6058940D05DD3E006BFB54 /* Debug */,
				1D6058950D05DD3E006BFB54 /* Release */,
				B4C3A12712ED66600058CE57 /* Distribution */,
			);
			defaultConfigurationIsVisible = 0;
			defaultConfigurationName = Release;
		};
		C01FCF4E08A954540054247B /* Build configuration list for PBXProject "Greyhound" */ = {
			isa = XCConfigurationList;
			buildConfigurations = (
				C01FCF4F08A954540054247B /* Debug */,
				C01FCF5008A954540054247B /* Release */,
				B4C3A12612ED66600058CE57 /* Distribution */,
			);
			defaultConfigurationIsVisible = 0;
			defaultConfigurationName = Release;
		};
/* End XCConfigurationList section */
	};
	rootObject = 29B97313FDCFA39411CA2CEA /* Project object */;
}
